// !$*UTF8*$!
{
	archiveVersion = 1;
	classes = {
	};
	objectVersion = 46;
	objects = {

/* Begin PBXBuildFile section */
		E403B4DF14F0CAEF00B03CF2 /* NSDate+StringParsing.m in Sources */ = {isa = PBXBuildFile; fileRef = E403B4DE14F0CAEF00B03CF2 /* NSDate+StringParsing.m */; };
		E406641014CC89730020235D /* TabBarNipple.png in Resources */ = {isa = PBXBuildFile; fileRef = E406640E14CC89730020235D /* TabBarNipple.png */; };
		E406641114CC89730020235D /* TabBarNipple@2x.png in Resources */ = {isa = PBXBuildFile; fileRef = E406640F14CC89730020235D /* TabBarNipple@2x.png */; };
		E418463F14CA23D10035A04F /* PMDetailNewsViewController.m in Sources */ = {isa = PBXBuildFile; fileRef = E418463E14CA23D10035A04F /* PMDetailNewsViewController.m */; };
		E42E72EF14D3952900F876AE /* PMNews.m in Sources */ = {isa = PBXBuildFile; fileRef = E42E72EE14D3952900F876AE /* PMNews.m */; };
		E436B96014C22F5700A8FF2F /* Twitter.framework in Frameworks */ = {isa = PBXBuildFile; fileRef = E436B95F14C22F5700A8FF2F /* Twitter.framework */; };
		E45247A914C0EEC200CC8BFC /* UIKit.framework in Frameworks */ = {isa = PBXBuildFile; fileRef = E45247A814C0EEC200CC8BFC /* UIKit.framework */; };
		E45247AB14C0EEC200CC8BFC /* Foundation.framework in Frameworks */ = {isa = PBXBuildFile; fileRef = E45247AA14C0EEC200CC8BFC /* Foundation.framework */; };
		E45247AD14C0EEC200CC8BFC /* CoreGraphics.framework in Frameworks */ = {isa = PBXBuildFile; fileRef = E45247AC14C0EEC200CC8BFC /* CoreGraphics.framework */; };
		E45247B314C0EEC200CC8BFC /* InfoPlist.strings in Resources */ = {isa = PBXBuildFile; fileRef = E45247B114C0EEC200CC8BFC /* InfoPlist.strings */; };
		E45247B514C0EEC200CC8BFC /* main.m in Sources */ = {isa = PBXBuildFile; fileRef = E45247B414C0EEC200CC8BFC /* main.m */; };
		E45247C914C0EEDA00CC8BFC /* MapKit.framework in Frameworks */ = {isa = PBXBuildFile; fileRef = E45247C814C0EEDA00CC8BFC /* MapKit.framework */; };
		E45247CB14C0EEE100CC8BFC /* CoreLocation.framework in Frameworks */ = {isa = PBXBuildFile; fileRef = E45247CA14C0EEE100CC8BFC /* CoreLocation.framework */; };
		E45247CD14C0EEEB00CC8BFC /* CoreData.framework in Frameworks */ = {isa = PBXBuildFile; fileRef = E45247CC14C0EEEB00CC8BFC /* CoreData.framework */; };
		E46A2CFC14C7CC8800D57455 /* ASIAuthenticationDialog.m in Sources */ = {isa = PBXBuildFile; fileRef = E46A2CE914C7CC8800D57455 /* ASIAuthenticationDialog.m */; settings = {COMPILER_FLAGS = "-fno-objc-arc"; }; };
		E46A2CFD14C7CC8800D57455 /* ASIDataCompressor.m in Sources */ = {isa = PBXBuildFile; fileRef = E46A2CEC14C7CC8800D57455 /* ASIDataCompressor.m */; settings = {COMPILER_FLAGS = "-fno-objc-arc"; }; };
		E46A2CFE14C7CC8800D57455 /* ASIDataDecompressor.m in Sources */ = {isa = PBXBuildFile; fileRef = E46A2CEE14C7CC8800D57455 /* ASIDataDecompressor.m */; settings = {COMPILER_FLAGS = "-fno-objc-arc"; }; };
		E46A2CFF14C7CC8800D57455 /* ASIDownloadCache.m in Sources */ = {isa = PBXBuildFile; fileRef = E46A2CF014C7CC8800D57455 /* ASIDownloadCache.m */; settings = {COMPILER_FLAGS = "-fno-objc-arc"; }; };
		E46A2D0014C7CC8800D57455 /* ASIFormDataRequest.m in Sources */ = {isa = PBXBuildFile; fileRef = E46A2CF214C7CC8800D57455 /* ASIFormDataRequest.m */; settings = {COMPILER_FLAGS = "-fno-objc-arc"; }; };
		E46A2D0114C7CC8800D57455 /* ASIHTTPRequest.m in Sources */ = {isa = PBXBuildFile; fileRef = E46A2CF414C7CC8800D57455 /* ASIHTTPRequest.m */; settings = {COMPILER_FLAGS = "-fno-objc-arc"; }; };
		E46A2D0214C7CC8800D57455 /* ASIInputStream.m in Sources */ = {isa = PBXBuildFile; fileRef = E46A2CF814C7CC8800D57455 /* ASIInputStream.m */; settings = {COMPILER_FLAGS = "-fno-objc-arc"; }; };
		E46A2D0314C7CC8800D57455 /* ASINetworkQueue.m in Sources */ = {isa = PBXBuildFile; fileRef = E46A2CFA14C7CC8800D57455 /* ASINetworkQueue.m */; settings = {COMPILER_FLAGS = "-fno-objc-arc"; }; };
		E46A2D0C14C7CD5B00D57455 /* SystemConfiguration.framework in Frameworks */ = {isa = PBXBuildFile; fileRef = E46A2D0B14C7CD5B00D57455 /* SystemConfiguration.framework */; };
		E46A2D0E14C7CD6500D57455 /* CFNetwork.framework in Frameworks */ = {isa = PBXBuildFile; fileRef = E46A2D0D14C7CD6500D57455 /* CFNetwork.framework */; };
		E46A2D1014C7CD6E00D57455 /* libz.dylib in Frameworks */ = {isa = PBXBuildFile; fileRef = E46A2D0F14C7CD6E00D57455 /* libz.dylib */; };
		E46A2D1314C7CD9A00D57455 /* Reachability.m in Sources */ = {isa = PBXBuildFile; fileRef = E46A2D1214C7CD9A00D57455 /* Reachability.m */; settings = {COMPILER_FLAGS = "-fno-objc-arc"; }; };
		E46A2D1614C7CDA500D57455 /* MainStoryboard_iPad.storyboard in Resources */ = {isa = PBXBuildFile; fileRef = E46A2D1414C7CDA500D57455 /* MainStoryboard_iPad.storyboard */; };
		E46A2D1714C7CDA500D57455 /* MainStoryboard_iPhone.storyboard in Resources */ = {isa = PBXBuildFile; fileRef = E46A2D1514C7CDA500D57455 /* MainStoryboard_iPhone.storyboard */; };
		E46A2D3514C7CE7800D57455 /* PMAppDelegate.m in Sources */ = {isa = PBXBuildFile; fileRef = E46A2D1D14C7CE7700D57455 /* PMAppDelegate.m */; };
		E46A2D3614C7CE7800D57455 /* PMComposeNewsViewController.m in Sources */ = {isa = PBXBuildFile; fileRef = E46A2D1F14C7CE7700D57455 /* PMComposeNewsViewController.m */; };
		E46A2D3714C7CE7800D57455 /* PMFrontPhotoShowViewController.m in Sources */ = {isa = PBXBuildFile; fileRef = E46A2D2114C7CE7800D57455 /* PMFrontPhotoShowViewController.m */; };
		E46A2D3814C7CE7800D57455 /* PMHerokCahceRequest.m in Sources */ = {isa = PBXBuildFile; fileRef = E46A2D2314C7CE7800D57455 /* PMHerokCahceRequest.m */; };
		E46A2D3914C7CE7800D57455 /* PMListViewController.m in Sources */ = {isa = PBXBuildFile; fileRef = E46A2D2514C7CE7800D57455 /* PMListViewController.m */; };
		E46A2D3A14C7CE7800D57455 /* PMLocationUtility.m in Sources */ = {isa = PBXBuildFile; fileRef = E46A2D2714C7CE7800D57455 /* PMLocationUtility.m */; };
		E46A2D3B14C7CE7800D57455 /* PMMapViewController.m in Sources */ = {isa = PBXBuildFile; fileRef = E46A2D2914C7CE7800D57455 /* PMMapViewController.m */; };
		E46A2D3C14C7CE7800D57455 /* PMNavigation.m in Sources */ = {isa = PBXBuildFile; fileRef = E46A2D2B14C7CE7800D57455 /* PMNavigation.m */; };
		E46A2D3D14C7CE7800D57455 /* PMNewsAnnotation.m in Sources */ = {isa = PBXBuildFile; fileRef = E46A2D2D14C7CE7800D57455 /* PMNewsAnnotation.m */; };
		E46A2D3F14C7CE7800D57455 /* PMTweeterUtility.m in Sources */ = {isa = PBXBuildFile; fileRef = E46A2D3214C7CE7800D57455 /* PMTweeterUtility.m */; };
		E46A2D4414C7CF2900D57455 /* MobileCoreServices.framework in Frameworks */ = {isa = PBXBuildFile; fileRef = E46A2D4314C7CF2900D57455 /* MobileCoreServices.framework */; };
		E473FBDB14CB1B1400F58FC4 /* blackArrow.png in Resources */ = {isa = PBXBuildFile; fileRef = E473FBD314CB1B1400F58FC4 /* blackArrow.png */; };
		E473FBDC14CB1B1400F58FC4 /* blackArrow@2x.png in Resources */ = {isa = PBXBuildFile; fileRef = E473FBD414CB1B1400F58FC4 /* blackArrow@2x.png */; };
		E473FBDD14CB1B1400F58FC4 /* blueArrow.png in Resources */ = {isa = PBXBuildFile; fileRef = E473FBD514CB1B1400F58FC4 /* blueArrow.png */; };
		E473FBDE14CB1B1400F58FC4 /* blueArrow@2x.png in Resources */ = {isa = PBXBuildFile; fileRef = E473FBD614CB1B1400F58FC4 /* blueArrow@2x.png */; };
		E473FBDF14CB1B1400F58FC4 /* grayArrow.png in Resources */ = {isa = PBXBuildFile; fileRef = E473FBD714CB1B1400F58FC4 /* grayArrow.png */; };
		E473FBE014CB1B1400F58FC4 /* grayArrow@2x.png in Resources */ = {isa = PBXBuildFile; fileRef = E473FBD814CB1B1400F58FC4 /* grayArrow@2x.png */; };
		E473FBE114CB1B1400F58FC4 /* whiteArrow.png in Resources */ = {isa = PBXBuildFile; fileRef = E473FBD914CB1B1400F58FC4 /* whiteArrow.png */; };
		E473FBE214CB1B1400F58FC4 /* whiteArrow@2x.png in Resources */ = {isa = PBXBuildFile; fileRef = E473FBDA14CB1B1400F58FC4 /* whiteArrow@2x.png */; };
		E473FBE514CB1B3000F58FC4 /* EGORefreshTableHeaderView.m in Sources */ = {isa = PBXBuildFile; fileRef = E473FBE414CB1B1D00F58FC4 /* EGORefreshTableHeaderView.m */; settings = {COMPILER_FLAGS = "-fno-objc-arc"; }; };
		E473FBE714CB1B4C00F58FC4 /* QuartzCore.framework in Frameworks */ = {isa = PBXBuildFile; fileRef = E473FBE614CB1B4C00F58FC4 /* QuartzCore.framework */; };
		E493EB9B14EF5BC100325C98 /* tab_feed.png in Resources */ = {isa = PBXBuildFile; fileRef = E493EB9714EF5BC100325C98 /* tab_feed.png */; };
		E493EB9C14EF5BC100325C98 /* tab_list.png in Resources */ = {isa = PBXBuildFile; fileRef = E493EB9814EF5BC100325C98 /* tab_list.png */; };
		E493EB9D14EF5BC100325C98 /* tab_map.png in Resources */ = {isa = PBXBuildFile; fileRef = E493EB9914EF5BC100325C98 /* tab_map.png */; };
		E493EB9E14EF5BC100325C98 /* tab_profile.png in Resources */ = {isa = PBXBuildFile; fileRef = E493EB9A14EF5BC100325C98 /* tab_profile.png */; };
		E493EBA314EF5D6000325C98 /* tab_feed@2x.png in Resources */ = {isa = PBXBuildFile; fileRef = E493EB9F14EF5D6000325C98 /* tab_feed@2x.png */; };
		E493EBA414EF5D6000325C98 /* tab_list@2x.png in Resources */ = {isa = PBXBuildFile; fileRef = E493EBA014EF5D6000325C98 /* tab_list@2x.png */; };
		E493EBA514EF5D6000325C98 /* tab_map@2x.png in Resources */ = {isa = PBXBuildFile; fileRef = E493EBA114EF5D6000325C98 /* tab_map@2x.png */; };
		E493EBA614EF5D6000325C98 /* tab_profile@2x.png in Resources */ = {isa = PBXBuildFile; fileRef = E493EBA214EF5D6000325C98 /* tab_profile@2x.png */; };
		E493EBAA14EF5FD800325C98 /* sign_in_btn.png in Resources */ = {isa = PBXBuildFile; fileRef = E493EBA814EF5FD800325C98 /* sign_in_btn.png */; };
		E493EBAB14EF5FD800325C98 /* sign_in_btn@2x.png in Resources */ = {isa = PBXBuildFile; fileRef = E493EBA914EF5FD800325C98 /* sign_in_btn@2x.png */; };
		E493EBB014EF61AA00325C98 /* Default.png in Resources */ = {isa = PBXBuildFile; fileRef = E493EBAF14EF61AA00325C98 /* Default.png */; };
		E493EBB614EF639300325C98 /* Default@2x.png in Resources */ = {isa = PBXBuildFile; fileRef = E493EBB514EF639300325C98 /* Default@2x.png */; };
		E493EBB814EF644D00325C98 /* logo.png in Resources */ = {isa = PBXBuildFile; fileRef = E493EBB714EF644D00325C98 /* logo.png */; };
		E493EBBA14EF645200325C98 /* logo_r.png in Resources */ = {isa = PBXBuildFile; fileRef = E493EBB914EF645200325C98 /* logo_r.png */; };
		E49AA02A14C12A6100C504E3 /* Accounts.framework in Frameworks */ = {isa = PBXBuildFile; fileRef = E49AA02914C12A6100C504E3 /* Accounts.framework */; };
		E4B2A7B314EE322E00D302EC /* PMCommentComposerViewController.m in Sources */ = {isa = PBXBuildFile; fileRef = E4B2A7B214EE322E00D302EC /* PMCommentComposerViewController.m */; };
		E4B2A7B614EE3B8100D302EC /* google.png in Resources */ = {isa = PBXBuildFile; fileRef = E4B2A7B514EE3B8100D302EC /* google.png */; };
		E4BB200A14CCA2B10020ADEA /* TabBarGlow.png in Resources */ = {isa = PBXBuildFile; fileRef = E4BB200814CCA2B10020ADEA /* TabBarGlow.png */; };
		E4BB200B14CCA2B10020ADEA /* TabBarGlow@2x.png in Resources */ = {isa = PBXBuildFile; fileRef = E4BB200914CCA2B10020ADEA /* TabBarGlow@2x.png */; };
		E4C87CDD14E724E600ED0F91 /* picons46.png in Resources */ = {isa = PBXBuildFile; fileRef = E4C87CDC14E724E600ED0F91 /* picons46.png */; };
		E4E5830514C368F2005AB7C1 /* TestPhotos0.jpg in Resources */ = {isa = PBXBuildFile; fileRef = E4E5830114C368F2005AB7C1 /* TestPhotos0.jpg */; };
		E4E5830614C368F2005AB7C1 /* TestPhotos2.jpg in Resources */ = {isa = PBXBuildFile; fileRef = E4E5830214C368F2005AB7C1 /* TestPhotos2.jpg */; };
		E4E5830714C368F2005AB7C1 /* TestPhotos3.jpg in Resources */ = {isa = PBXBuildFile; fileRef = E4E5830314C368F2005AB7C1 /* TestPhotos3.jpg */; };
		E4E5830814C368F2005AB7C1 /* TestPhotos1.jpg in Resources */ = {isa = PBXBuildFile; fileRef = E4E5830414C368F2005AB7C1 /* TestPhotos1.jpg */; };
/* End PBXBuildFile section */

/* Begin PBXFileReference section */
		E403B4DD14F0CAEF00B03CF2 /* NSDate+StringParsing.h */ = {isa = PBXFileReference; fileEncoding = 4; lastKnownFileType = sourcecode.c.h; path = "NSDate+StringParsing.h"; sourceTree = "<group>"; };
		E403B4DE14F0CAEF00B03CF2 /* NSDate+StringParsing.m */ = {isa = PBXFileReference; fileEncoding = 4; lastKnownFileType = sourcecode.c.objc; path = "NSDate+StringParsing.m"; sourceTree = "<group>"; };
		E406640E14CC89730020235D /* TabBarNipple.png */ = {isa = PBXFileReference; lastKnownFileType = image.png; path = TabBarNipple.png; sourceTree = "<group>"; };
		E406640F14CC89730020235D /* TabBarNipple@2x.png */ = {isa = PBXFileReference; lastKnownFileType = image.png; path = "TabBarNipple@2x.png"; sourceTree = "<group>"; };
		E418463D14CA23D10035A04F /* PMDetailNewsViewController.h */ = {isa = PBXFileReference; fileEncoding = 4; lastKnownFileType = sourcecode.c.h; path = PMDetailNewsViewController.h; sourceTree = "<group>"; };
		E418463E14CA23D10035A04F /* PMDetailNewsViewController.m */ = {isa = PBXFileReference; fileEncoding = 4; lastKnownFileType = sourcecode.c.objc; path = PMDetailNewsViewController.m; sourceTree = "<group>"; };
		E428759E14C242D300357EFE /* Union, Madison.gpx */ = {isa = PBXFileReference; lastKnownFileType = text.xml; path = "Union, Madison.gpx"; sourceTree = "<group>"; };
		E42875A114C248AE00357EFE /* Kolch Center, Madison.gpx */ = {isa = PBXFileReference; lastKnownFileType = text.xml; path = "Kolch Center, Madison.gpx"; sourceTree = "<group>"; };
		E42E1B4014F1544E0035AB70 /* Kronshage Dr.gpx */ = {isa = PBXFileReference; lastKnownFileType = text.xml; path = "Kronshage Dr.gpx"; sourceTree = "<group>"; };
		E42E72ED14D3952900F876AE /* PMNews.h */ = {isa = PBXFileReference; fileEncoding = 4; lastKnownFileType = sourcecode.c.h; path = PMNews.h; sourceTree = "<group>"; };
		E42E72EE14D3952900F876AE /* PMNews.m */ = {isa = PBXFileReference; fileEncoding = 4; lastKnownFileType = sourcecode.c.objc; path = PMNews.m; sourceTree = "<group>"; };
		E436B95F14C22F5700A8FF2F /* Twitter.framework */ = {isa = PBXFileReference; lastKnownFileType = wrapper.framework; name = Twitter.framework; path = System/Library/Frameworks/Twitter.framework; sourceTree = SDKROOT; };
		E45247A414C0EEC200CC8BFC /* Passim.app */ = {isa = PBXFileReference; explicitFileType = wrapper.application; includeInIndex = 0; path = Passim.app; sourceTree = BUILT_PRODUCTS_DIR; };
		E45247A814C0EEC200CC8BFC /* UIKit.framework */ = {isa = PBXFileReference; lastKnownFileType = wrapper.framework; name = UIKit.framework; path = System/Library/Frameworks/UIKit.framework; sourceTree = SDKROOT; };
		E45247AA14C0EEC200CC8BFC /* Foundation.framework */ = {isa = PBXFileReference; lastKnownFileType = wrapper.framework; name = Foundation.framework; path = System/Library/Frameworks/Foundation.framework; sourceTree = SDKROOT; };
		E45247AC14C0EEC200CC8BFC /* CoreGraphics.framework */ = {isa = PBXFileReference; lastKnownFileType = wrapper.framework; name = CoreGraphics.framework; path = System/Library/Frameworks/CoreGraphics.framework; sourceTree = SDKROOT; };
		E45247B014C0EEC200CC8BFC /* Passim-Info.plist */ = {isa = PBXFileReference; lastKnownFileType = text.plist.xml; path = "Passim-Info.plist"; sourceTree = "<group>"; };
		E45247B214C0EEC200CC8BFC /* en */ = {isa = PBXFileReference; lastKnownFileType = text.plist.strings; name = en; path = en.lproj/InfoPlist.strings; sourceTree = "<group>"; };
		E45247B414C0EEC200CC8BFC /* main.m */ = {isa = PBXFileReference; lastKnownFileType = sourcecode.c.objc; path = main.m; sourceTree = "<group>"; };
		E45247B614C0EEC200CC8BFC /* Passim-Prefix.pch */ = {isa = PBXFileReference; lastKnownFileType = sourcecode.c.h; path = "Passim-Prefix.pch"; sourceTree = "<group>"; };
		E45247C814C0EEDA00CC8BFC /* MapKit.framework */ = {isa = PBXFileReference; lastKnownFileType = wrapper.framework; name = MapKit.framework; path = System/Library/Frameworks/MapKit.framework; sourceTree = SDKROOT; };
		E45247CA14C0EEE100CC8BFC /* CoreLocation.framework */ = {isa = PBXFileReference; lastKnownFileType = wrapper.framework; name = CoreLocation.framework; path = System/Library/Frameworks/CoreLocation.framework; sourceTree = SDKROOT; };
		E45247CC14C0EEEB00CC8BFC /* CoreData.framework */ = {isa = PBXFileReference; lastKnownFileType = wrapper.framework; name = CoreData.framework; path = System/Library/Frameworks/CoreData.framework; sourceTree = SDKROOT; };
		E458AD7A14D6EECC00AD8747 /* PMStandKeyConstant.h */ = {isa = PBXFileReference; fileEncoding = 4; lastKnownFileType = sourcecode.c.h; path = PMStandKeyConstant.h; sourceTree = "<group>"; };
		E46A2CE814C7CC8800D57455 /* ASIAuthenticationDialog.h */ = {isa = PBXFileReference; fileEncoding = 4; lastKnownFileType = sourcecode.c.h; path = ASIAuthenticationDialog.h; sourceTree = "<group>"; };
		E46A2CE914C7CC8800D57455 /* ASIAuthenticationDialog.m */ = {isa = PBXFileReference; fileEncoding = 4; lastKnownFileType = sourcecode.c.objc; path = ASIAuthenticationDialog.m; sourceTree = "<group>"; };
		E46A2CEA14C7CC8800D57455 /* ASICacheDelegate.h */ = {isa = PBXFileReference; fileEncoding = 4; lastKnownFileType = sourcecode.c.h; path = ASICacheDelegate.h; sourceTree = "<group>"; };
		E46A2CEB14C7CC8800D57455 /* ASIDataCompressor.h */ = {isa = PBXFileReference; fileEncoding = 4; lastKnownFileType = sourcecode.c.h; path = ASIDataCompressor.h; sourceTree = "<group>"; };
		E46A2CEC14C7CC8800D57455 /* ASIDataCompressor.m */ = {isa = PBXFileReference; fileEncoding = 4; lastKnownFileType = sourcecode.c.objc; path = ASIDataCompressor.m; sourceTree = "<group>"; };
		E46A2CED14C7CC8800D57455 /* ASIDataDecompressor.h */ = {isa = PBXFileReference; fileEncoding = 4; lastKnownFileType = sourcecode.c.h; path = ASIDataDecompressor.h; sourceTree = "<group>"; };
		E46A2CEE14C7CC8800D57455 /* ASIDataDecompressor.m */ = {isa = PBXFileReference; fileEncoding = 4; lastKnownFileType = sourcecode.c.objc; path = ASIDataDecompressor.m; sourceTree = "<group>"; };
		E46A2CEF14C7CC8800D57455 /* ASIDownloadCache.h */ = {isa = PBXFileReference; fileEncoding = 4; lastKnownFileType = sourcecode.c.h; path = ASIDownloadCache.h; sourceTree = "<group>"; };
		E46A2CF014C7CC8800D57455 /* ASIDownloadCache.m */ = {isa = PBXFileReference; fileEncoding = 4; lastKnownFileType = sourcecode.c.objc; path = ASIDownloadCache.m; sourceTree = "<group>"; };
		E46A2CF114C7CC8800D57455 /* ASIFormDataRequest.h */ = {isa = PBXFileReference; fileEncoding = 4; lastKnownFileType = sourcecode.c.h; path = ASIFormDataRequest.h; sourceTree = "<group>"; };
		E46A2CF214C7CC8800D57455 /* ASIFormDataRequest.m */ = {isa = PBXFileReference; fileEncoding = 4; lastKnownFileType = sourcecode.c.objc; path = ASIFormDataRequest.m; sourceTree = "<group>"; };
		E46A2CF314C7CC8800D57455 /* ASIHTTPRequest.h */ = {isa = PBXFileReference; fileEncoding = 4; lastKnownFileType = sourcecode.c.h; path = ASIHTTPRequest.h; sourceTree = "<group>"; };
		E46A2CF414C7CC8800D57455 /* ASIHTTPRequest.m */ = {isa = PBXFileReference; fileEncoding = 4; lastKnownFileType = sourcecode.c.objc; path = ASIHTTPRequest.m; sourceTree = "<group>"; };
		E46A2CF514C7CC8800D57455 /* ASIHTTPRequestConfig.h */ = {isa = PBXFileReference; fileEncoding = 4; lastKnownFileType = sourcecode.c.h; path = ASIHTTPRequestConfig.h; sourceTree = "<group>"; };
		E46A2CF614C7CC8800D57455 /* ASIHTTPRequestDelegate.h */ = {isa = PBXFileReference; fileEncoding = 4; lastKnownFileType = sourcecode.c.h; path = ASIHTTPRequestDelegate.h; sourceTree = "<group>"; };
		E46A2CF714C7CC8800D57455 /* ASIInputStream.h */ = {isa = PBXFileReference; fileEncoding = 4; lastKnownFileType = sourcecode.c.h; path = ASIInputStream.h; sourceTree = "<group>"; };
		E46A2CF814C7CC8800D57455 /* ASIInputStream.m */ = {isa = PBXFileReference; fileEncoding = 4; lastKnownFileType = sourcecode.c.objc; path = ASIInputStream.m; sourceTree = "<group>"; };
		E46A2CF914C7CC8800D57455 /* ASINetworkQueue.h */ = {isa = PBXFileReference; fileEncoding = 4; lastKnownFileType = sourcecode.c.h; path = ASINetworkQueue.h; sourceTree = "<group>"; };
		E46A2CFA14C7CC8800D57455 /* ASINetworkQueue.m */ = {isa = PBXFileReference; fileEncoding = 4; lastKnownFileType = sourcecode.c.objc; path = ASINetworkQueue.m; sourceTree = "<group>"; };
		E46A2CFB14C7CC8800D57455 /* ASIProgressDelegate.h */ = {isa = PBXFileReference; fileEncoding = 4; lastKnownFileType = sourcecode.c.h; path = ASIProgressDelegate.h; sourceTree = "<group>"; };
		E46A2D0B14C7CD5B00D57455 /* SystemConfiguration.framework */ = {isa = PBXFileReference; lastKnownFileType = wrapper.framework; name = SystemConfiguration.framework; path = System/Library/Frameworks/SystemConfiguration.framework; sourceTree = SDKROOT; };
		E46A2D0D14C7CD6500D57455 /* CFNetwork.framework */ = {isa = PBXFileReference; lastKnownFileType = wrapper.framework; name = CFNetwork.framework; path = System/Library/Frameworks/CFNetwork.framework; sourceTree = SDKROOT; };
		E46A2D0F14C7CD6E00D57455 /* libz.dylib */ = {isa = PBXFileReference; lastKnownFileType = "compiled.mach-o.dylib"; name = libz.dylib; path = usr/lib/libz.dylib; sourceTree = SDKROOT; };
		E46A2D1114C7CD9A00D57455 /* Reachability.h */ = {isa = PBXFileReference; fileEncoding = 4; lastKnownFileType = sourcecode.c.h; path = Reachability.h; sourceTree = "<group>"; };
		E46A2D1214C7CD9A00D57455 /* Reachability.m */ = {isa = PBXFileReference; fileEncoding = 4; lastKnownFileType = sourcecode.c.objc; path = Reachability.m; sourceTree = "<group>"; };
		E46A2D1414C7CDA500D57455 /* MainStoryboard_iPad.storyboard */ = {isa = PBXFileReference; fileEncoding = 4; lastKnownFileType = file.storyboard; path = MainStoryboard_iPad.storyboard; sourceTree = "<group>"; };
		E46A2D1514C7CDA500D57455 /* MainStoryboard_iPhone.storyboard */ = {isa = PBXFileReference; fileEncoding = 4; lastKnownFileType = file.storyboard; path = MainStoryboard_iPhone.storyboard; sourceTree = "<group>"; };
		E46A2D1C14C7CE7700D57455 /* PMAppDelegate.h */ = {isa = PBXFileReference; fileEncoding = 4; lastKnownFileType = sourcecode.c.h; path = PMAppDelegate.h; sourceTree = "<group>"; };
		E46A2D1D14C7CE7700D57455 /* PMAppDelegate.m */ = {isa = PBXFileReference; fileEncoding = 4; lastKnownFileType = sourcecode.c.objc; path = PMAppDelegate.m; sourceTree = "<group>"; };
		E46A2D1E14C7CE7700D57455 /* PMComposeNewsViewController.h */ = {isa = PBXFileReference; fileEncoding = 4; lastKnownFileType = sourcecode.c.h; path = PMComposeNewsViewController.h; sourceTree = "<group>"; };
		E46A2D1F14C7CE7700D57455 /* PMComposeNewsViewController.m */ = {isa = PBXFileReference; fileEncoding = 4; lastKnownFileType = sourcecode.c.objc; path = PMComposeNewsViewController.m; sourceTree = "<group>"; };
		E46A2D2014C7CE7800D57455 /* PMFrontPhotoShowViewController.h */ = {isa = PBXFileReference; fileEncoding = 4; lastKnownFileType = sourcecode.c.h; path = PMFrontPhotoShowViewController.h; sourceTree = "<group>"; };
		E46A2D2114C7CE7800D57455 /* PMFrontPhotoShowViewController.m */ = {isa = PBXFileReference; fileEncoding = 4; lastKnownFileType = sourcecode.c.objc; path = PMFrontPhotoShowViewController.m; sourceTree = "<group>"; };
		E46A2D2214C7CE7800D57455 /* PMHerokCacheRequest.h */ = {isa = PBXFileReference; fileEncoding = 4; lastKnownFileType = sourcecode.c.h; path = PMHerokCacheRequest.h; sourceTree = "<group>"; };
		E46A2D2314C7CE7800D57455 /* PMHerokCahceRequest.m */ = {isa = PBXFileReference; fileEncoding = 4; lastKnownFileType = sourcecode.c.objc; path = PMHerokCahceRequest.m; sourceTree = "<group>"; };
		E46A2D2414C7CE7800D57455 /* PMListViewController.h */ = {isa = PBXFileReference; fileEncoding = 4; lastKnownFileType = sourcecode.c.h; path = PMListViewController.h; sourceTree = "<group>"; };
		E46A2D2514C7CE7800D57455 /* PMListViewController.m */ = {isa = PBXFileReference; fileEncoding = 4; lastKnownFileType = sourcecode.c.objc; path = PMListViewController.m; sourceTree = "<group>"; };
		E46A2D2614C7CE7800D57455 /* PMLocationUtility.h */ = {isa = PBXFileReference; fileEncoding = 4; lastKnownFileType = sourcecode.c.h; path = PMLocationUtility.h; sourceTree = "<group>"; };
		E46A2D2714C7CE7800D57455 /* PMLocationUtility.m */ = {isa = PBXFileReference; fileEncoding = 4; lastKnownFileType = sourcecode.c.objc; path = PMLocationUtility.m; sourceTree = "<group>"; };
		E46A2D2814C7CE7800D57455 /* PMMapViewController.h */ = {isa = PBXFileReference; fileEncoding = 4; lastKnownFileType = sourcecode.c.h; path = PMMapViewController.h; sourceTree = "<group>"; };
		E46A2D2914C7CE7800D57455 /* PMMapViewController.m */ = {isa = PBXFileReference; fileEncoding = 4; lastKnownFileType = sourcecode.c.objc; path = PMMapViewController.m; sourceTree = "<group>"; };
		E46A2D2A14C7CE7800D57455 /* PMNavigation.h */ = {isa = PBXFileReference; fileEncoding = 4; lastKnownFileType = sourcecode.c.h; path = PMNavigation.h; sourceTree = "<group>"; };
		E46A2D2B14C7CE7800D57455 /* PMNavigation.m */ = {isa = PBXFileReference; fileEncoding = 4; lastKnownFileType = sourcecode.c.objc; path = PMNavigation.m; sourceTree = "<group>"; };
		E46A2D2C14C7CE7800D57455 /* PMNewsAnnotation.h */ = {isa = PBXFileReference; fileEncoding = 4; lastKnownFileType = sourcecode.c.h; path = PMNewsAnnotation.h; sourceTree = "<group>"; };
		E46A2D2D14C7CE7800D57455 /* PMNewsAnnotation.m */ = {isa = PBXFileReference; fileEncoding = 4; lastKnownFileType = sourcecode.c.objc; path = PMNewsAnnotation.m; sourceTree = "<group>"; };
		E46A2D2E14C7CE7800D57455 /* PMNotification.h */ = {isa = PBXFileReference; fileEncoding = 4; lastKnownFileType = sourcecode.c.h; path = PMNotification.h; sourceTree = "<group>"; };
		E46A2D3114C7CE7800D57455 /* PMTweeterUtility.h */ = {isa = PBXFileReference; fileEncoding = 4; lastKnownFileType = sourcecode.c.h; path = PMTweeterUtility.h; sourceTree = "<group>"; };
		E46A2D3214C7CE7800D57455 /* PMTweeterUtility.m */ = {isa = PBXFileReference; fileEncoding = 4; lastKnownFileType = sourcecode.c.objc; path = PMTweeterUtility.m; sourceTree = "<group>"; };
		E46A2D4314C7CF2900D57455 /* MobileCoreServices.framework */ = {isa = PBXFileReference; lastKnownFileType = wrapper.framework; name = MobileCoreServices.framework; path = System/Library/Frameworks/MobileCoreServices.framework; sourceTree = SDKROOT; };
		E473FBD314CB1B1400F58FC4 /* blackArrow.png */ = {isa = PBXFileReference; lastKnownFileType = image.png; path = blackArrow.png; sourceTree = "<group>"; };
		E473FBD414CB1B1400F58FC4 /* blackArrow@2x.png */ = {isa = PBXFileReference; lastKnownFileType = image.png; path = "blackArrow@2x.png"; sourceTree = "<group>"; };
		E473FBD514CB1B1400F58FC4 /* blueArrow.png */ = {isa = PBXFileReference; lastKnownFileType = image.png; path = blueArrow.png; sourceTree = "<group>"; };
		E473FBD614CB1B1400F58FC4 /* blueArrow@2x.png */ = {isa = PBXFileReference; lastKnownFileType = image.png; path = "blueArrow@2x.png"; sourceTree = "<group>"; };
		E473FBD714CB1B1400F58FC4 /* grayArrow.png */ = {isa = PBXFileReference; lastKnownFileType = image.png; path = grayArrow.png; sourceTree = "<group>"; };
		E473FBD814CB1B1400F58FC4 /* grayArrow@2x.png */ = {isa = PBXFileReference; lastKnownFileType = image.png; path = "grayArrow@2x.png"; sourceTree = "<group>"; };
		E473FBD914CB1B1400F58FC4 /* whiteArrow.png */ = {isa = PBXFileReference; lastKnownFileType = image.png; path = whiteArrow.png; sourceTree = "<group>"; };
		E473FBDA14CB1B1400F58FC4 /* whiteArrow@2x.png */ = {isa = PBXFileReference; lastKnownFileType = image.png; path = "whiteArrow@2x.png"; sourceTree = "<group>"; };
		E473FBE314CB1B1D00F58FC4 /* EGORefreshTableHeaderView.h */ = {isa = PBXFileReference; lastKnownFileType = sourcecode.c.h; path = EGORefreshTableHeaderView.h; sourceTree = "<group>"; };
		E473FBE414CB1B1D00F58FC4 /* EGORefreshTableHeaderView.m */ = {isa = PBXFileReference; lastKnownFileType = sourcecode.c.objc; path = EGORefreshTableHeaderView.m; sourceTree = "<group>"; };
		E473FBE614CB1B4C00F58FC4 /* QuartzCore.framework */ = {isa = PBXFileReference; lastKnownFileType = wrapper.framework; name = QuartzCore.framework; path = System/Library/Frameworks/QuartzCore.framework; sourceTree = SDKROOT; };
		E493EB9714EF5BC100325C98 /* tab_feed.png */ = {isa = PBXFileReference; lastKnownFileType = image.png; path = tab_feed.png; sourceTree = "<group>"; };
		E493EB9814EF5BC100325C98 /* tab_list.png */ = {isa = PBXFileReference; lastKnownFileType = image.png; path = tab_list.png; sourceTree = "<group>"; };
		E493EB9914EF5BC100325C98 /* tab_map.png */ = {isa = PBXFileReference; lastKnownFileType = image.png; path = tab_map.png; sourceTree = "<group>"; };
		E493EB9A14EF5BC100325C98 /* tab_profile.png */ = {isa = PBXFileReference; lastKnownFileType = image.png; path = tab_profile.png; sourceTree = "<group>"; };
		E493EB9F14EF5D6000325C98 /* tab_feed@2x.png */ = {isa = PBXFileReference; lastKnownFileType = image.png; path = "tab_feed@2x.png"; sourceTree = "<group>"; };
		E493EBA014EF5D6000325C98 /* tab_list@2x.png */ = {isa = PBXFileReference; lastKnownFileType = image.png; path = "tab_list@2x.png"; sourceTree = "<group>"; };
		E493EBA114EF5D6000325C98 /* tab_map@2x.png */ = {isa = PBXFileReference; lastKnownFileType = image.png; path = "tab_map@2x.png"; sourceTree = "<group>"; };
		E493EBA214EF5D6000325C98 /* tab_profile@2x.png */ = {isa = PBXFileReference; lastKnownFileType = image.png; path = "tab_profile@2x.png"; sourceTree = "<group>"; };
		E493EBA814EF5FD800325C98 /* sign_in_btn.png */ = {isa = PBXFileReference; lastKnownFileType = image.png; path = sign_in_btn.png; sourceTree = "<group>"; };
		E493EBA914EF5FD800325C98 /* sign_in_btn@2x.png */ = {isa = PBXFileReference; lastKnownFileType = image.png; path = "sign_in_btn@2x.png"; sourceTree = "<group>"; };
		E493EBAF14EF61AA00325C98 /* Default.png */ = {isa = PBXFileReference; lastKnownFileType = image.png; name = Default.png; path = ../Default.png; sourceTree = "<group>"; };
		E493EBB514EF639300325C98 /* Default@2x.png */ = {isa = PBXFileReference; lastKnownFileType = image.png; name = "Default@2x.png"; path = "../Default@2x.png"; sourceTree = "<group>"; };
		E493EBB714EF644D00325C98 /* logo.png */ = {isa = PBXFileReference; lastKnownFileType = image.png; name = logo.png; path = ../logo.png; sourceTree = "<group>"; };
		E493EBB914EF645200325C98 /* logo_r.png */ = {isa = PBXFileReference; lastKnownFileType = image.png; name = logo_r.png; path = ../logo_r.png; sourceTree = "<group>"; };
		E49AA02914C12A6100C504E3 /* Accounts.framework */ = {isa = PBXFileReference; lastKnownFileType = wrapper.framework; name = Accounts.framework; path = System/Library/Frameworks/Accounts.framework; sourceTree = SDKROOT; };
		E4B2A7B114EE322E00D302EC /* PMCommentComposerViewController.h */ = {isa = PBXFileReference; fileEncoding = 4; lastKnownFileType = sourcecode.c.h; path = PMCommentComposerViewController.h; sourceTree = "<group>"; };
		E4B2A7B214EE322E00D302EC /* PMCommentComposerViewController.m */ = {isa = PBXFileReference; fileEncoding = 4; lastKnownFileType = sourcecode.c.objc; path = PMCommentComposerViewController.m; sourceTree = "<group>"; };
		E4B2A7B514EE3B8100D302EC /* google.png */ = {isa = PBXFileReference; lastKnownFileType = image.png; path = google.png; sourceTree = "<group>"; };
		E4BB200814CCA2B10020ADEA /* TabBarGlow.png */ = {isa = PBXFileReference; lastKnownFileType = image.png; path = TabBarGlow.png; sourceTree = "<group>"; };
		E4BB200914CCA2B10020ADEA /* TabBarGlow@2x.png */ = {isa = PBXFileReference; lastKnownFileType = image.png; path = "TabBarGlow@2x.png"; sourceTree = "<group>"; };
		E4C87CDC14E724E600ED0F91 /* picons46.png */ = {isa = PBXFileReference; lastKnownFileType = image.png; name = picons46.png; path = ../picons46.png; sourceTree = "<group>"; };
		E4E5830114C368F2005AB7C1 /* TestPhotos0.jpg */ = {isa = PBXFileReference; lastKnownFileType = image.jpeg; path = TestPhotos0.jpg; sourceTree = "<group>"; };
		E4E5830214C368F2005AB7C1 /* TestPhotos2.jpg */ = {isa = PBXFileReference; lastKnownFileType = image.jpeg; path = TestPhotos2.jpg; sourceTree = "<group>"; };
		E4E5830314C368F2005AB7C1 /* TestPhotos3.jpg */ = {isa = PBXFileReference; lastKnownFileType = image.jpeg; path = TestPhotos3.jpg; sourceTree = "<group>"; };
		E4E5830414C368F2005AB7C1 /* TestPhotos1.jpg */ = {isa = PBXFileReference; lastKnownFileType = image.jpeg; path = TestPhotos1.jpg; sourceTree = "<group>"; };
/* End PBXFileReference section */

/* Begin PBXFrameworksBuildPhase section */
		E45247A114C0EEC200CC8BFC /* Frameworks */ = {
			isa = PBXFrameworksBuildPhase;
			buildActionMask = 2147483647;
			files = (
				E473FBE714CB1B4C00F58FC4 /* QuartzCore.framework in Frameworks */,
				E46A2D4414C7CF2900D57455 /* MobileCoreServices.framework in Frameworks */,
				E46A2D1014C7CD6E00D57455 /* libz.dylib in Frameworks */,
				E46A2D0E14C7CD6500D57455 /* CFNetwork.framework in Frameworks */,
				E45247AD14C0EEC200CC8BFC /* CoreGraphics.framework in Frameworks */,
				E46A2D0C14C7CD5B00D57455 /* SystemConfiguration.framework in Frameworks */,
				E436B96014C22F5700A8FF2F /* Twitter.framework in Frameworks */,
				E49AA02A14C12A6100C504E3 /* Accounts.framework in Frameworks */,
				E45247CD14C0EEEB00CC8BFC /* CoreData.framework in Frameworks */,
				E45247CB14C0EEE100CC8BFC /* CoreLocation.framework in Frameworks */,
				E45247C914C0EEDA00CC8BFC /* MapKit.framework in Frameworks */,
				E45247A914C0EEC200CC8BFC /* UIKit.framework in Frameworks */,
				E45247AB14C0EEC200CC8BFC /* Foundation.framework in Frameworks */,
			);
			runOnlyForDeploymentPostprocessing = 0;
		};
/* End PBXFrameworksBuildPhase section */

/* Begin PBXGroup section */
		E406640C14CC89580020235D /* tabBarUtil */ = {
			isa = PBXGroup;
			children = (
				E4BB200814CCA2B10020ADEA /* TabBarGlow.png */,
				E4BB200914CCA2B10020ADEA /* TabBarGlow@2x.png */,
				E406640E14CC89730020235D /* TabBarNipple.png */,
				E406640F14CC89730020235D /* TabBarNipple@2x.png */,
			);
			name = tabBarUtil;
			sourceTree = "<group>";
		};
		E418464114CA23D80035A04F /* Detail News View */ = {
			isa = PBXGroup;
			children = (
				E418463D14CA23D10035A04F /* PMDetailNewsViewController.h */,
				E418463E14CA23D10035A04F /* PMDetailNewsViewController.m */,
			);
			name = "Detail News View";
			sourceTree = "<group>";
		};
		E42875A214C2491B00357EFE /* Test Location */ = {
			isa = PBXGroup;
			children = (
				E428759E14C242D300357EFE /* Union, Madison.gpx */,
				E42875A114C248AE00357EFE /* Kolch Center, Madison.gpx */,
				E42E1B4014F1544E0035AB70 /* Kronshage Dr.gpx */,
			);
			name = "Test Location";
			sourceTree = "<group>";
		};
		E42A40FB14C14C7B009626C5 /* resource */ = {
			isa = PBXGroup;
			children = (
				E493EBBB14EF64FF00325C98 /* AppFace */,
				E493EBA714EF5FC000325C98 /* buttonIcon */,
				E493EB8314EF58AF00325C98 /* tabIcons */,
				E4B2A7B514EE3B8100D302EC /* google.png */,
				E4C87CDC14E724E600ED0F91 /* picons46.png */,
				E4E5830114C368F2005AB7C1 /* TestPhotos0.jpg */,
				E4E5830214C368F2005AB7C1 /* TestPhotos2.jpg */,
				E4E5830314C368F2005AB7C1 /* TestPhotos3.jpg */,
				E4E5830414C368F2005AB7C1 /* TestPhotos1.jpg */,
			);
			name = resource;
			path = Passim;
			sourceTree = "<group>";
		};
		E42E1B3E14F1485D0035AB70 /* Catogory */ = {
			isa = PBXGroup;
			children = (
				E403B4DD14F0CAEF00B03CF2 /* NSDate+StringParsing.h */,
				E403B4DE14F0CAEF00B03CF2 /* NSDate+StringParsing.m */,
			);
			name = Catogory;
			sourceTree = "<group>";
		};
		E44441C214C3D29A003C8A4F /* Map View */ = {
			isa = PBXGroup;
			children = (
				E46A2D2814C7CE7800D57455 /* PMMapViewController.h */,
				E46A2D2914C7CE7800D57455 /* PMMapViewController.m */,
				E46A2D2C14C7CE7800D57455 /* PMNewsAnnotation.h */,
				E46A2D2D14C7CE7800D57455 /* PMNewsAnnotation.m */,
			);
			name = "Map View";
			sourceTree = "<group>";
		};
		E44441C414C3D2CB003C8A4F /* Launch View */ = {
			isa = PBXGroup;
			children = (
				E46A2D2014C7CE7800D57455 /* PMFrontPhotoShowViewController.h */,
				E46A2D2114C7CE7800D57455 /* PMFrontPhotoShowViewController.m */,
			);
			name = "Launch View";
			sourceTree = "<group>";
		};
		E44441C514C3D2E2003C8A4F /* List View */ = {
			isa = PBXGroup;
			children = (
				E46A2D2414C7CE7800D57455 /* PMListViewController.h */,
				E46A2D2514C7CE7800D57455 /* PMListViewController.m */,
			);
			name = "List View";
			sourceTree = "<group>";
		};
		E452479914C0EEC200CC8BFC = {
			isa = PBXGroup;
			children = (
				E45247AE14C0EEC200CC8BFC /* Passim */,
				E45247A714C0EEC200CC8BFC /* Frameworks */,
				E45247A514C0EEC200CC8BFC /* Products */,
				E42A40FB14C14C7B009626C5 /* resource */,
			);
			sourceTree = "<group>";
		};
		E45247A514C0EEC200CC8BFC /* Products */ = {
			isa = PBXGroup;
			children = (
				E45247A414C0EEC200CC8BFC /* Passim.app */,
			);
			name = Products;
			sourceTree = "<group>";
		};
		E45247A714C0EEC200CC8BFC /* Frameworks */ = {
			isa = PBXGroup;
			children = (
				E473FBE614CB1B4C00F58FC4 /* QuartzCore.framework */,
				E46A2D4314C7CF2900D57455 /* MobileCoreServices.framework */,
				E46A2D0F14C7CD6E00D57455 /* libz.dylib */,
				E46A2D0D14C7CD6500D57455 /* CFNetwork.framework */,
				E46A2D0B14C7CD5B00D57455 /* SystemConfiguration.framework */,
				E436B95F14C22F5700A8FF2F /* Twitter.framework */,
				E49AA02914C12A6100C504E3 /* Accounts.framework */,
				E45247CC14C0EEEB00CC8BFC /* CoreData.framework */,
				E45247CA14C0EEE100CC8BFC /* CoreLocation.framework */,
				E45247C814C0EEDA00CC8BFC /* MapKit.framework */,
				E45247A814C0EEC200CC8BFC /* UIKit.framework */,
				E45247AA14C0EEC200CC8BFC /* Foundation.framework */,
				E45247AC14C0EEC200CC8BFC /* CoreGraphics.framework */,
			);
			name = Frameworks;
			sourceTree = "<group>";
		};
		E45247AE14C0EEC200CC8BFC /* Passim */ = {
			isa = PBXGroup;
			children = (
				E46A2D1514C7CDA500D57455 /* MainStoryboard_iPhone.storyboard */,
				E418464114CA23D80035A04F /* Detail News View */,
				E46A2D4214C7CE9000D57455 /* Composation */,
				E44441C214C3D29A003C8A4F /* Map View */,
				E4D5AE8A14C2ACFE0064924C /* Utility */,
				E44441C414C3D2CB003C8A4F /* Launch View */,
				E44441C514C3D2E2003C8A4F /* List View */,
				E45247AF14C0EEC200CC8BFC /* Supporting Files */,
			);
			path = Passim;
			sourceTree = "<group>";
		};
		E45247AF14C0EEC200CC8BFC /* Supporting Files */ = {
			isa = PBXGroup;
			children = (
				E42E1B3E14F1485D0035AB70 /* Catogory */,
				E406640C14CC89580020235D /* tabBarUtil */,
				E473FBD114CB1AF500F58FC4 /* Pull to refresh */,
				E46A2D0514C7CC8D00D57455 /* ASIHttp */,
				E42875A214C2491B00357EFE /* Test Location */,
				E46A2D2E14C7CE7800D57455 /* PMNotification.h */,
				E46A2D2A14C7CE7800D57455 /* PMNavigation.h */,
				E46A2D2B14C7CE7800D57455 /* PMNavigation.m */,
				E458AD7A14D6EECC00AD8747 /* PMStandKeyConstant.h */,
				E42E72ED14D3952900F876AE /* PMNews.h */,
				E42E72EE14D3952900F876AE /* PMNews.m */,
				E46A2D1C14C7CE7700D57455 /* PMAppDelegate.h */,
				E46A2D1D14C7CE7700D57455 /* PMAppDelegate.m */,
				E45247B014C0EEC200CC8BFC /* Passim-Info.plist */,
				E46A2D1414C7CDA500D57455 /* MainStoryboard_iPad.storyboard */,
				E45247B114C0EEC200CC8BFC /* InfoPlist.strings */,
				E45247B414C0EEC200CC8BFC /* main.m */,
				E45247B614C0EEC200CC8BFC /* Passim-Prefix.pch */,
			);
			name = "Supporting Files";
			sourceTree = "<group>";
		};
		E46A2D0514C7CC8D00D57455 /* ASIHttp */ = {
			isa = PBXGroup;
			children = (
				E46A2D1114C7CD9A00D57455 /* Reachability.h */,
				E46A2D1214C7CD9A00D57455 /* Reachability.m */,
				E46A2CE814C7CC8800D57455 /* ASIAuthenticationDialog.h */,
				E46A2CE914C7CC8800D57455 /* ASIAuthenticationDialog.m */,
				E46A2CEA14C7CC8800D57455 /* ASICacheDelegate.h */,
				E46A2CEB14C7CC8800D57455 /* ASIDataCompressor.h */,
				E46A2CEC14C7CC8800D57455 /* ASIDataCompressor.m */,
				E46A2CED14C7CC8800D57455 /* ASIDataDecompressor.h */,
				E46A2CEE14C7CC8800D57455 /* ASIDataDecompressor.m */,
				E46A2CEF14C7CC8800D57455 /* ASIDownloadCache.h */,
				E46A2CF014C7CC8800D57455 /* ASIDownloadCache.m */,
				E46A2CF114C7CC8800D57455 /* ASIFormDataRequest.h */,
				E46A2CF214C7CC8800D57455 /* ASIFormDataRequest.m */,
				E46A2CF314C7CC8800D57455 /* ASIHTTPRequest.h */,
				E46A2CF414C7CC8800D57455 /* ASIHTTPRequest.m */,
				E46A2CF514C7CC8800D57455 /* ASIHTTPRequestConfig.h */,
				E46A2CF614C7CC8800D57455 /* ASIHTTPRequestDelegate.h */,
				E46A2CF714C7CC8800D57455 /* ASIInputStream.h */,
				E46A2CF814C7CC8800D57455 /* ASIInputStream.m */,
				E46A2CF914C7CC8800D57455 /* ASINetworkQueue.h */,
				E46A2CFA14C7CC8800D57455 /* ASINetworkQueue.m */,
				E46A2CFB14C7CC8800D57455 /* ASIProgressDelegate.h */,
			);
			name = ASIHttp;
			sourceTree = "<group>";
		};
		E46A2D4214C7CE9000D57455 /* Composation */ = {
			isa = PBXGroup;
			children = (
				E46A2D1E14C7CE7700D57455 /* PMComposeNewsViewController.h */,
				E46A2D1F14C7CE7700D57455 /* PMComposeNewsViewController.m */,
				E4B2A7B114EE322E00D302EC /* PMCommentComposerViewController.h */,
				E4B2A7B214EE322E00D302EC /* PMCommentComposerViewController.m */,
			);
			name = Composation;
			sourceTree = "<group>";
		};
		E473FBD114CB1AF500F58FC4 /* Pull to refresh */ = {
			isa = PBXGroup;
			children = (
				E473FBE314CB1B1D00F58FC4 /* EGORefreshTableHeaderView.h */,
				E473FBE414CB1B1D00F58FC4 /* EGORefreshTableHeaderView.m */,
				E473FBD314CB1B1400F58FC4 /* blackArrow.png */,
				E473FBD414CB1B1400F58FC4 /* blackArrow@2x.png */,
				E473FBD514CB1B1400F58FC4 /* blueArrow.png */,
				E473FBD614CB1B1400F58FC4 /* blueArrow@2x.png */,
				E473FBD714CB1B1400F58FC4 /* grayArrow.png */,
				E473FBD814CB1B1400F58FC4 /* grayArrow@2x.png */,
				E473FBD914CB1B1400F58FC4 /* whiteArrow.png */,
				E473FBDA14CB1B1400F58FC4 /* whiteArrow@2x.png */,
			);
			name = "Pull to refresh";
			sourceTree = "<group>";
		};
		E493EB8314EF58AF00325C98 /* tabIcons */ = {
			isa = PBXGroup;
			children = (
				E493EB9F14EF5D6000325C98 /* tab_feed@2x.png */,
				E493EBA014EF5D6000325C98 /* tab_list@2x.png */,
				E493EBA114EF5D6000325C98 /* tab_map@2x.png */,
				E493EBA214EF5D6000325C98 /* tab_profile@2x.png */,
				E493EB9714EF5BC100325C98 /* tab_feed.png */,
				E493EB9814EF5BC100325C98 /* tab_list.png */,
				E493EB9914EF5BC100325C98 /* tab_map.png */,
				E493EB9A14EF5BC100325C98 /* tab_profile.png */,
			);
			name = tabIcons;
			sourceTree = "<group>";
		};
		E493EBA714EF5FC000325C98 /* buttonIcon */ = {
			isa = PBXGroup;
			children = (
				E493EBA814EF5FD800325C98 /* sign_in_btn.png */,
				E493EBA914EF5FD800325C98 /* sign_in_btn@2x.png */,
			);
			name = buttonIcon;
			sourceTree = "<group>";
		};
		E493EBBB14EF64FF00325C98 /* AppFace */ = {
			isa = PBXGroup;
			children = (
				E493EBB914EF645200325C98 /* logo_r.png */,
				E493EBB714EF644D00325C98 /* logo.png */,
				E493EBB514EF639300325C98 /* Default@2x.png */,
				E493EBAF14EF61AA00325C98 /* Default.png */,
			);
			name = AppFace;
			sourceTree = "<group>";
		};
		E4D5AE8A14C2ACFE0064924C /* Utility */ = {
			isa = PBXGroup;
			children = (
				E46A2D3114C7CE7800D57455 /* PMTweeterUtility.h */,
				E46A2D3214C7CE7800D57455 /* PMTweeterUtility.m */,
				E46A2D2214C7CE7800D57455 /* PMHerokCacheRequest.h */,
				E46A2D2314C7CE7800D57455 /* PMHerokCahceRequest.m */,
				E46A2D2614C7CE7800D57455 /* PMLocationUtility.h */,
				E46A2D2714C7CE7800D57455 /* PMLocationUtility.m */,
			);
			name = Utility;
			sourceTree = "<group>";
		};
/* End PBXGroup section */

/* Begin PBXNativeTarget section */
		E45247A314C0EEC200CC8BFC /* Passim */ = {
			isa = PBXNativeTarget;
			buildConfigurationList = E45247C514C0EEC300CC8BFC /* Build configuration list for PBXNativeTarget "Passim" */;
			buildPhases = (
				E45247A014C0EEC200CC8BFC /* Sources */,
				E45247A114C0EEC200CC8BFC /* Frameworks */,
				E45247A214C0EEC200CC8BFC /* Resources */,
			);
			buildRules = (
			);
			dependencies = (
			);
			name = Passim;
			productName = Passim;
			productReference = E45247A414C0EEC200CC8BFC /* Passim.app */;
			productType = "com.apple.product-type.application";
		};
/* End PBXNativeTarget section */

/* Begin PBXProject section */
		E452479B14C0EEC200CC8BFC /* Project object */ = {
			isa = PBXProject;
			attributes = {
				CLASSPREFIX = PM;
				LastUpgradeCheck = 0430;
				ORGANIZATIONNAME = "University of Wisconsin-Madison";
			};
			buildConfigurationList = E452479E14C0EEC200CC8BFC /* Build configuration list for PBXProject "Passim" */;
			compatibilityVersion = "Xcode 3.2";
			developmentRegion = English;
			hasScannedForEncodings = 0;
			knownRegions = (
				en,
			);
			mainGroup = E452479914C0EEC200CC8BFC;
			productRefGroup = E45247A514C0EEC200CC8BFC /* Products */;
			projectDirPath = "";
			projectRoot = "";
			targets = (
				E45247A314C0EEC200CC8BFC /* Passim */,
			);
		};
/* End PBXProject section */

/* Begin PBXResourcesBuildPhase section */
		E45247A214C0EEC200CC8BFC /* Resources */ = {
			isa = PBXResourcesBuildPhase;
			buildActionMask = 2147483647;
			files = (
				E45247B314C0EEC200CC8BFC /* InfoPlist.strings in Resources */,
				E4E5830514C368F2005AB7C1 /* TestPhotos0.jpg in Resources */,
				E4E5830614C368F2005AB7C1 /* TestPhotos2.jpg in Resources */,
				E4E5830714C368F2005AB7C1 /* TestPhotos3.jpg in Resources */,
				E4E5830814C368F2005AB7C1 /* TestPhotos1.jpg in Resources */,
				E46A2D1614C7CDA500D57455 /* MainStoryboard_iPad.storyboard in Resources */,
				E46A2D1714C7CDA500D57455 /* MainStoryboard_iPhone.storyboard in Resources */,
				E473FBDB14CB1B1400F58FC4 /* blackArrow.png in Resources */,
				E473FBDC14CB1B1400F58FC4 /* blackArrow@2x.png in Resources */,
				E473FBDD14CB1B1400F58FC4 /* blueArrow.png in Resources */,
				E473FBDE14CB1B1400F58FC4 /* blueArrow@2x.png in Resources */,
				E473FBDF14CB1B1400F58FC4 /* grayArrow.png in Resources */,
				E473FBE014CB1B1400F58FC4 /* grayArrow@2x.png in Resources */,
				E473FBE114CB1B1400F58FC4 /* whiteArrow.png in Resources */,
				E473FBE214CB1B1400F58FC4 /* whiteArrow@2x.png in Resources */,
				E406641014CC89730020235D /* TabBarNipple.png in Resources */,
				E406641114CC89730020235D /* TabBarNipple@2x.png in Resources */,
				E4BB200A14CCA2B10020ADEA /* TabBarGlow.png in Resources */,
				E4BB200B14CCA2B10020ADEA /* TabBarGlow@2x.png in Resources */,
				E4C87CDD14E724E600ED0F91 /* picons46.png in Resources */,
				E4B2A7B614EE3B8100D302EC /* google.png in Resources */,
				E493EB9B14EF5BC100325C98 /* tab_feed.png in Resources */,
				E493EB9C14EF5BC100325C98 /* tab_list.png in Resources */,
				E493EB9D14EF5BC100325C98 /* tab_map.png in Resources */,
				E493EB9E14EF5BC100325C98 /* tab_profile.png in Resources */,
				E493EBA314EF5D6000325C98 /* tab_feed@2x.png in Resources */,
				E493EBA414EF5D6000325C98 /* tab_list@2x.png in Resources */,
				E493EBA514EF5D6000325C98 /* tab_map@2x.png in Resources */,
				E493EBA614EF5D6000325C98 /* tab_profile@2x.png in Resources */,
				E493EBAA14EF5FD800325C98 /* sign_in_btn.png in Resources */,
				E493EBAB14EF5FD800325C98 /* sign_in_btn@2x.png in Resources */,
				E493EBB014EF61AA00325C98 /* Default.png in Resources */,
				E493EBB614EF639300325C98 /* Default@2x.png in Resources */,
				E493EBB814EF644D00325C98 /* logo.png in Resources */,
				E493EBBA14EF645200325C98 /* logo_r.png in Resources */,
			);
			runOnlyForDeploymentPostprocessing = 0;
		};
/* End PBXResourcesBuildPhase section */

/* Begin PBXSourcesBuildPhase section */
		E45247A014C0EEC200CC8BFC /* Sources */ = {
			isa = PBXSourcesBuildPhase;
			buildActionMask = 2147483647;
			files = (
				E473FBE514CB1B3000F58FC4 /* EGORefreshTableHeaderView.m in Sources */,
				E45247B514C0EEC200CC8BFC /* main.m in Sources */,
				E46A2CFC14C7CC8800D57455 /* ASIAuthenticationDialog.m in Sources */,
				E46A2CFD14C7CC8800D57455 /* ASIDataCompressor.m in Sources */,
				E46A2CFE14C7CC8800D57455 /* ASIDataDecompressor.m in Sources */,
				E46A2CFF14C7CC8800D57455 /* ASIDownloadCache.m in Sources */,
				E46A2D0014C7CC8800D57455 /* ASIFormDataRequest.m in Sources */,
				E46A2D0114C7CC8800D57455 /* ASIHTTPRequest.m in Sources */,
				E46A2D0214C7CC8800D57455 /* ASIInputStream.m in Sources */,
				E46A2D0314C7CC8800D57455 /* ASINetworkQueue.m in Sources */,
				E46A2D1314C7CD9A00D57455 /* Reachability.m in Sources */,
				E46A2D3514C7CE7800D57455 /* PMAppDelegate.m in Sources */,
				E46A2D3614C7CE7800D57455 /* PMComposeNewsViewController.m in Sources */,
				E46A2D3714C7CE7800D57455 /* PMFrontPhotoShowViewController.m in Sources */,
				E46A2D3814C7CE7800D57455 /* PMHerokCahceRequest.m in Sources */,
				E46A2D3914C7CE7800D57455 /* PMListViewController.m in Sources */,
				E46A2D3A14C7CE7800D57455 /* PMLocationUtility.m in Sources */,
				E46A2D3B14C7CE7800D57455 /* PMMapViewController.m in Sources */,
				E46A2D3C14C7CE7800D57455 /* PMNavigation.m in Sources */,
				E46A2D3D14C7CE7800D57455 /* PMNewsAnnotation.m in Sources */,
				E46A2D3F14C7CE7800D57455 /* PMTweeterUtility.m in Sources */,
				E418463F14CA23D10035A04F /* PMDetailNewsViewController.m in Sources */,
				E42E72EF14D3952900F876AE /* PMNews.m in Sources */,
				E4B2A7B314EE322E00D302EC /* PMCommentComposerViewController.m in Sources */,
				E403B4DF14F0CAEF00B03CF2 /* NSDate+StringParsing.m in Sources */,
			);
			runOnlyForDeploymentPostprocessing = 0;
		};
/* End PBXSourcesBuildPhase section */

/* Begin PBXVariantGroup section */
		E45247B114C0EEC200CC8BFC /* InfoPlist.strings */ = {
			isa = PBXVariantGroup;
			children = (
				E45247B214C0EEC200CC8BFC /* en */,
			);
			name = InfoPlist.strings;
			sourceTree = "<group>";
		};
/* End PBXVariantGroup section */

/* Begin XCBuildConfiguration section */
		E45247C314C0EEC300CC8BFC /* Debug */ = {
			isa = XCBuildConfiguration;
			buildSettings = {
				ALWAYS_SEARCH_USER_PATHS = NO;
				ARCHS = "$(ARCHS_STANDARD_32_BIT)";
				CLANG_ENABLE_OBJC_ARC = YES;
				"CODE_SIGN_IDENTITY[sdk=iphoneos*]" = "iPhone Developer";
				COPY_PHASE_STRIP = NO;
				GCC_C_LANGUAGE_STANDARD = gnu99;
				GCC_DYNAMIC_NO_PIC = NO;
				GCC_OPTIMIZATION_LEVEL = 0;
				GCC_PREPROCESSOR_DEFINITIONS = (
					"DEBUG=1",
					"$(inherited)",
				);
				GCC_SYMBOLS_PRIVATE_EXTERN = NO;
				GCC_VERSION = com.apple.compilers.llvm.clang.1_0;
				GCC_WARN_ABOUT_RETURN_TYPE = YES;
				GCC_WARN_UNINITIALIZED_AUTOS = YES;
				GCC_WARN_UNUSED_VARIABLE = YES;
				IPHONEOS_DEPLOYMENT_TARGET = 5.1;
				SDKROOT = iphoneos;
				TARGETED_DEVICE_FAMILY = "1,2";
			};
			name = Debug;
		};
		E45247C414C0EEC300CC8BFC /* Release */ = {
			isa = XCBuildConfiguration;
			buildSettings = {
				ALWAYS_SEARCH_USER_PATHS = NO;
				ARCHS = "$(ARCHS_STANDARD_32_BIT)";
				CLANG_ENABLE_OBJC_ARC = YES;
				"CODE_SIGN_IDENTITY[sdk=iphoneos*]" = "iPhone Developer";
				COPY_PHASE_STRIP = YES;
				GCC_C_LANGUAGE_STANDARD = gnu99;
				GCC_VERSION = com.apple.compilers.llvm.clang.1_0;
				GCC_WARN_ABOUT_RETURN_TYPE = YES;
				GCC_WARN_UNINITIALIZED_AUTOS = YES;
				GCC_WARN_UNUSED_VARIABLE = YES;
				IPHONEOS_DEPLOYMENT_TARGET = 5.1;
				OTHER_CFLAGS = "-DNS_BLOCK_ASSERTIONS=1";
				SDKROOT = iphoneos;
				TARGETED_DEVICE_FAMILY = "1,2";
				VALIDATE_PRODUCT = YES;
			};
			name = Release;
		};
		E45247C614C0EEC300CC8BFC /* Debug */ = {
			isa = XCBuildConfiguration;
			buildSettings = {
				GCC_PRECOMPILE_PREFIX_HEADER = YES;
				GCC_PREFIX_HEADER = "Passim/Passim-Prefix.pch";
				INFOPLIST_FILE = "Passim/Passim-Info.plist";
				IPHONEOS_DEPLOYMENT_TARGET = 5.0;
				PRODUCT_NAME = "$(TARGET_NAME)";
				TARGETED_DEVICE_FAMILY = "1,2";
				WRAPPER_EXTENSION = app;
			};
			name = Debug;
		};
		E45247C714C0EEC300CC8BFC /* Release */ = {
			isa = XCBuildConfiguration;
			buildSettings = {
				GCC_PRECOMPILE_PREFIX_HEADER = YES;
				GCC_PREFIX_HEADER = "Passim/Passim-Prefix.pch";
				INFOPLIST_FILE = "Passim/Passim-Info.plist";
				IPHONEOS_DEPLOYMENT_TARGET = 5.0;
				PRODUCT_NAME = "$(TARGET_NAME)";
				TARGETED_DEVICE_FAMILY = "1,2";
				WRAPPER_EXTENSION = app;
			};
			name = Release;
		};
/* End XCBuildConfiguration section */

/* Begin XCConfigurationList section */
		E452479E14C0EEC200CC8BFC /* Build configuration list for PBXProject "Passim" */ = {
			isa = XCConfigurationList;
			buildConfigurations = (
				E45247C314C0EEC300CC8BFC /* Debug */,
				E45247C414C0EEC300CC8BFC /* Release */,
			);
			defaultConfigurationIsVisible = 0;
			defaultConfigurationName = Release;
		};
		E45247C514C0EEC300CC8BFC /* Build configuration list for PBXNativeTarget "Passim" */ = {
			isa = XCConfigurationList;
			buildConfigurations = (
				E45247C614C0EEC300CC8BFC /* Debug */,
				E45247C714C0EEC300CC8BFC /* Release */,
			);
			defaultConfigurationIsVisible = 0;
			defaultConfigurationName = Release;
		};
/* End XCConfigurationList section */
	};
	rootObject = E452479B14C0EEC200CC8BFC /* Project object */;
}
