// !$*UTF8*$!
{
	archiveVersion = 1;
	classes = {
	};
	objectVersion = 46;
	objects = {

/* Begin PBXBuildFile section */
		E436B96014C22F5700A8FF2F /* Twitter.framework in Frameworks */ = {isa = PBXBuildFile; fileRef = E436B95F14C22F5700A8FF2F /* Twitter.framework */; };
		E45247A914C0EEC200CC8BFC /* UIKit.framework in Frameworks */ = {isa = PBXBuildFile; fileRef = E45247A814C0EEC200CC8BFC /* UIKit.framework */; };
		E45247AB14C0EEC200CC8BFC /* Foundation.framework in Frameworks */ = {isa = PBXBuildFile; fileRef = E45247AA14C0EEC200CC8BFC /* Foundation.framework */; };
		E45247AD14C0EEC200CC8BFC /* CoreGraphics.framework in Frameworks */ = {isa = PBXBuildFile; fileRef = E45247AC14C0EEC200CC8BFC /* CoreGraphics.framework */; };
		E45247B314C0EEC200CC8BFC /* InfoPlist.strings in Resources */ = {isa = PBXBuildFile; fileRef = E45247B114C0EEC200CC8BFC /* InfoPlist.strings */; };
		E45247B514C0EEC200CC8BFC /* main.m in Sources */ = {isa = PBXBuildFile; fileRef = E45247B414C0EEC200CC8BFC /* main.m */; };
		E45247C914C0EEDA00CC8BFC /* MapKit.framework in Frameworks */ = {isa = PBXBuildFile; fileRef = E45247C814C0EEDA00CC8BFC /* MapKit.framework */; };
		E45247CB14C0EEE100CC8BFC /* CoreLocation.framework in Frameworks */ = {isa = PBXBuildFile; fileRef = E45247CA14C0EEE100CC8BFC /* CoreLocation.framework */; };
		E45247CD14C0EEEB00CC8BFC /* CoreData.framework in Frameworks */ = {isa = PBXBuildFile; fileRef = E45247CC14C0EEEB00CC8BFC /* CoreData.framework */; };
		E46A2CFC14C7CC8800D57455 /* ASIAuthenticationDialog.m in Sources */ = {isa = PBXBuildFile; fileRef = E46A2CE914C7CC8800D57455 /* ASIAuthenticationDialog.m */; settings = {COMPILER_FLAGS = "-fno-objc-arc"; }; };
		E46A2CFD14C7CC8800D57455 /* ASIDataCompressor.m in Sources */ = {isa = PBXBuildFile; fileRef = E46A2CEC14C7CC8800D57455 /* ASIDataCompressor.m */; settings = {COMPILER_FLAGS = "-fno-objc-arc"; }; };
		E46A2CFE14C7CC8800D57455 /* ASIDataDecompressor.m in Sources */ = {isa = PBXBuildFile; fileRef = E46A2CEE14C7CC8800D57455 /* ASIDataDecompressor.m */; settings = {COMPILER_FLAGS = "-fno-objc-arc"; }; };
		E46A2CFF14C7CC8800D57455 /* ASIDownloadCache.m in Sources */ = {isa = PBXBuildFile; fileRef = E46A2CF014C7CC8800D57455 /* ASIDownloadCache.m */; settings = {COMPILER_FLAGS = "-fno-objc-arc"; }; };
		E46A2D0014C7CC8800D57455 /* ASIFormDataRequest.m in Sources */ = {isa = PBXBuildFile; fileRef = E46A2CF214C7CC8800D57455 /* ASIFormDataRequest.m */; settings = {COMPILER_FLAGS = "-fno-objc-arc"; }; };
		E46A2D0114C7CC8800D57455 /* ASIHTTPRequest.m in Sources */ = {isa = PBXBuildFile; fileRef = E46A2CF414C7CC8800D57455 /* ASIHTTPRequest.m */; settings = {COMPILER_FLAGS = "-fno-objc-arc"; }; };
		E46A2D0214C7CC8800D57455 /* ASIInputStream.m in Sources */ = {isa = PBXBuildFile; fileRef = E46A2CF814C7CC8800D57455 /* ASIInputStream.m */; settings = {COMPILER_FLAGS = "-fno-objc-arc"; }; };
		E46A2D0314C7CC8800D57455 /* ASINetworkQueue.m in Sources */ = {isa = PBXBuildFile; fileRef = E46A2CFA14C7CC8800D57455 /* ASINetworkQueue.m */; settings = {COMPILER_FLAGS = "-fno-objc-arc"; }; };
		E46A2D0C14C7CD5B00D57455 /* SystemConfiguration.framework in Frameworks */ = {isa = PBXBuildFile; fileRef = E46A2D0B14C7CD5B00D57455 /* SystemConfiguration.framework */; };
		E46A2D0E14C7CD6500D57455 /* CFNetwork.framework in Frameworks */ = {isa = PBXBuildFile; fileRef = E46A2D0D14C7CD6500D57455 /* CFNetwork.framework */; };
		E46A2D1014C7CD6E00D57455 /* libz.dylib in Frameworks */ = {isa = PBXBuildFile; fileRef = E46A2D0F14C7CD6E00D57455 /* libz.dylib */; };
		E46A2D1314C7CD9A00D57455 /* Reachability.m in Sources */ = {isa = PBXBuildFile; fileRef = E46A2D1214C7CD9A00D57455 /* Reachability.m */; };
		E46A2D1614C7CDA500D57455 /* MainStoryboard_iPad.storyboard in Resources */ = {isa = PBXBuildFile; fileRef = E46A2D1414C7CDA500D57455 /* MainStoryboard_iPad.storyboard */; };
		E46A2D1714C7CDA500D57455 /* MainStoryboard_iPhone.storyboard in Resources */ = {isa = PBXBuildFile; fileRef = E46A2D1514C7CDA500D57455 /* MainStoryboard_iPhone.storyboard */; };
		E49AA02A14C12A6100C504E3 /* Accounts.framework in Frameworks */ = {isa = PBXBuildFile; fileRef = E49AA02914C12A6100C504E3 /* Accounts.framework */; };
		E4E5830514C368F2005AB7C1 /* TestPhotos0.png in Resources */ = {isa = PBXBuildFile; fileRef = E4E5830114C368F2005AB7C1 /* TestPhotos0.png */; };
		E4E5830614C368F2005AB7C1 /* TestPhotos2.png in Resources */ = {isa = PBXBuildFile; fileRef = E4E5830214C368F2005AB7C1 /* TestPhotos2.png */; };
		E4E5830714C368F2005AB7C1 /* TestPhotos3.png in Resources */ = {isa = PBXBuildFile; fileRef = E4E5830314C368F2005AB7C1 /* TestPhotos3.png */; };
		E4E5830814C368F2005AB7C1 /* TestPhotos1.png in Resources */ = {isa = PBXBuildFile; fileRef = E4E5830414C368F2005AB7C1 /* TestPhotos1.png */; };
/* End PBXBuildFile section */

/* Begin PBXFileReference section */
		E428759E14C242D300357EFE /* Union, Madison.gpx */ = {isa = PBXFileReference; lastKnownFileType = text.xml; path = "Union, Madison.gpx"; sourceTree = "<group>"; };
		E42875A114C248AE00357EFE /* Kolch Center, Madison.gpx */ = {isa = PBXFileReference; lastKnownFileType = text.xml; path = "Kolch Center, Madison.gpx"; sourceTree = "<group>"; };
		E436B95F14C22F5700A8FF2F /* Twitter.framework */ = {isa = PBXFileReference; lastKnownFileType = wrapper.framework; name = Twitter.framework; path = System/Library/Frameworks/Twitter.framework; sourceTree = SDKROOT; };
		E45247A414C0EEC200CC8BFC /* Passim.app */ = {isa = PBXFileReference; explicitFileType = wrapper.application; includeInIndex = 0; path = Passim.app; sourceTree = BUILT_PRODUCTS_DIR; };
		E45247A814C0EEC200CC8BFC /* UIKit.framework */ = {isa = PBXFileReference; lastKnownFileType = wrapper.framework; name = UIKit.framework; path = System/Library/Frameworks/UIKit.framework; sourceTree = SDKROOT; };
		E45247AA14C0EEC200CC8BFC /* Foundation.framework */ = {isa = PBXFileReference; lastKnownFileType = wrapper.framework; name = Foundation.framework; path = System/Library/Frameworks/Foundation.framework; sourceTree = SDKROOT; };
		E45247AC14C0EEC200CC8BFC /* CoreGraphics.framework */ = {isa = PBXFileReference; lastKnownFileType = wrapper.framework; name = CoreGraphics.framework; path = System/Library/Frameworks/CoreGraphics.framework; sourceTree = SDKROOT; };
		E45247B014C0EEC200CC8BFC /* Passim-Info.plist */ = {isa = PBXFileReference; lastKnownFileType = text.plist.xml; path = "Passim-Info.plist"; sourceTree = "<group>"; };
		E45247B214C0EEC200CC8BFC /* en */ = {isa = PBXFileReference; lastKnownFileType = text.plist.strings; name = en; path = en.lproj/InfoPlist.strings; sourceTree = "<group>"; };
		E45247B414C0EEC200CC8BFC /* main.m */ = {isa = PBXFileReference; lastKnownFileType = sourcecode.c.objc; path = main.m; sourceTree = "<group>"; };
		E45247B614C0EEC200CC8BFC /* Passim-Prefix.pch */ = {isa = PBXFileReference; lastKnownFileType = sourcecode.c.h; path = "Passim-Prefix.pch"; sourceTree = "<group>"; };
		E45247C814C0EEDA00CC8BFC /* MapKit.framework */ = {isa = PBXFileReference; lastKnownFileType = wrapper.framework; name = MapKit.framework; path = System/Library/Frameworks/MapKit.framework; sourceTree = SDKROOT; };
		E45247CA14C0EEE100CC8BFC /* CoreLocation.framework */ = {isa = PBXFileReference; lastKnownFileType = wrapper.framework; name = CoreLocation.framework; path = System/Library/Frameworks/CoreLocation.framework; sourceTree = SDKROOT; };
		E45247CC14C0EEEB00CC8BFC /* CoreData.framework */ = {isa = PBXFileReference; lastKnownFileType = wrapper.framework; name = CoreData.framework; path = System/Library/Frameworks/CoreData.framework; sourceTree = SDKROOT; };
		E46A2CE814C7CC8800D57455 /* ASIAuthenticationDialog.h */ = {isa = PBXFileReference; fileEncoding = 4; lastKnownFileType = sourcecode.c.h; path = ASIAuthenticationDialog.h; sourceTree = "<group>"; };
		E46A2CE914C7CC8800D57455 /* ASIAuthenticationDialog.m */ = {isa = PBXFileReference; fileEncoding = 4; lastKnownFileType = sourcecode.c.objc; path = ASIAuthenticationDialog.m; sourceTree = "<group>"; };
		E46A2CEA14C7CC8800D57455 /* ASICacheDelegate.h */ = {isa = PBXFileReference; fileEncoding = 4; lastKnownFileType = sourcecode.c.h; path = ASICacheDelegate.h; sourceTree = "<group>"; };
		E46A2CEB14C7CC8800D57455 /* ASIDataCompressor.h */ = {isa = PBXFileReference; fileEncoding = 4; lastKnownFileType = sourcecode.c.h; path = ASIDataCompressor.h; sourceTree = "<group>"; };
		E46A2CEC14C7CC8800D57455 /* ASIDataCompressor.m */ = {isa = PBXFileReference; fileEncoding = 4; lastKnownFileType = sourcecode.c.objc; path = ASIDataCompressor.m; sourceTree = "<group>"; };
		E46A2CED14C7CC8800D57455 /* ASIDataDecompressor.h */ = {isa = PBXFileReference; fileEncoding = 4; lastKnownFileType = sourcecode.c.h; path = ASIDataDecompressor.h; sourceTree = "<group>"; };
		E46A2CEE14C7CC8800D57455 /* ASIDataDecompressor.m */ = {isa = PBXFileReference; fileEncoding = 4; lastKnownFileType = sourcecode.c.objc; path = ASIDataDecompressor.m; sourceTree = "<group>"; };
		E46A2CEF14C7CC8800D57455 /* ASIDownloadCache.h */ = {isa = PBXFileReference; fileEncoding = 4; lastKnownFileType = sourcecode.c.h; path = ASIDownloadCache.h; sourceTree = "<group>"; };
		E46A2CF014C7CC8800D57455 /* ASIDownloadCache.m */ = {isa = PBXFileReference; fileEncoding = 4; lastKnownFileType = sourcecode.c.objc; path = ASIDownloadCache.m; sourceTree = "<group>"; };
		E46A2CF114C7CC8800D57455 /* ASIFormDataRequest.h */ = {isa = PBXFileReference; fileEncoding = 4; lastKnownFileType = sourcecode.c.h; path = ASIFormDataRequest.h; sourceTree = "<group>"; };
		E46A2CF214C7CC8800D57455 /* ASIFormDataRequest.m */ = {isa = PBXFileReference; fileEncoding = 4; lastKnownFileType = sourcecode.c.objc; path = ASIFormDataRequest.m; sourceTree = "<group>"; };
		E46A2CF314C7CC8800D57455 /* ASIHTTPRequest.h */ = {isa = PBXFileReference; fileEncoding = 4; lastKnownFileType = sourcecode.c.h; path = ASIHTTPRequest.h; sourceTree = "<group>"; };
		E46A2CF414C7CC8800D57455 /* ASIHTTPRequest.m */ = {isa = PBXFileReference; fileEncoding = 4; lastKnownFileType = sourcecode.c.objc; path = ASIHTTPRequest.m; sourceTree = "<group>"; };
		E46A2CF514C7CC8800D57455 /* ASIHTTPRequestConfig.h */ = {isa = PBXFileReference; fileEncoding = 4; lastKnownFileType = sourcecode.c.h; path = ASIHTTPRequestConfig.h; sourceTree = "<group>"; };
		E46A2CF614C7CC8800D57455 /* ASIHTTPRequestDelegate.h */ = {isa = PBXFileReference; fileEncoding = 4; lastKnownFileType = sourcecode.c.h; path = ASIHTTPRequestDelegate.h; sourceTree = "<group>"; };
		E46A2CF714C7CC8800D57455 /* ASIInputStream.h */ = {isa = PBXFileReference; fileEncoding = 4; lastKnownFileType = sourcecode.c.h; path = ASIInputStream.h; sourceTree = "<group>"; };
		E46A2CF814C7CC8800D57455 /* ASIInputStream.m */ = {isa = PBXFileReference; fileEncoding = 4; lastKnownFileType = sourcecode.c.objc; path = ASIInputStream.m; sourceTree = "<group>"; };
		E46A2CF914C7CC8800D57455 /* ASINetworkQueue.h */ = {isa = PBXFileReference; fileEncoding = 4; lastKnownFileType = sourcecode.c.h; path = ASINetworkQueue.h; sourceTree = "<group>"; };
		E46A2CFA14C7CC8800D57455 /* ASINetworkQueue.m */ = {isa = PBXFileReference; fileEncoding = 4; lastKnownFileType = sourcecode.c.objc; path = ASINetworkQueue.m; sourceTree = "<group>"; };
		E46A2CFB14C7CC8800D57455 /* ASIProgressDelegate.h */ = {isa = PBXFileReference; fileEncoding = 4; lastKnownFileType = sourcecode.c.h; path = ASIProgressDelegate.h; sourceTree = "<group>"; };
		E46A2D0B14C7CD5B00D57455 /* SystemConfiguration.framework */ = {isa = PBXFileReference; lastKnownFileType = wrapper.framework; name = SystemConfiguration.framework; path = System/Library/Frameworks/SystemConfiguration.framework; sourceTree = SDKROOT; };
		E46A2D0D14C7CD6500D57455 /* CFNetwork.framework */ = {isa = PBXFileReference; lastKnownFileType = wrapper.framework; name = CFNetwork.framework; path = System/Library/Frameworks/CFNetwork.framework; sourceTree = SDKROOT; };
		E46A2D0F14C7CD6E00D57455 /* libz.dylib */ = {isa = PBXFileReference; lastKnownFileType = "compiled.mach-o.dylib"; name = libz.dylib; path = usr/lib/libz.dylib; sourceTree = SDKROOT; };
		E46A2D1114C7CD9A00D57455 /* Reachability.h */ = {isa = PBXFileReference; fileEncoding = 4; lastKnownFileType = sourcecode.c.h; path = Reachability.h; sourceTree = "<group>"; };
		E46A2D1214C7CD9A00D57455 /* Reachability.m */ = {isa = PBXFileReference; fileEncoding = 4; lastKnownFileType = sourcecode.c.objc; path = Reachability.m; sourceTree = "<group>"; };
		E46A2D1414C7CDA500D57455 /* MainStoryboard_iPad.storyboard */ = {isa = PBXFileReference; fileEncoding = 4; lastKnownFileType = file.storyboard; path = MainStoryboard_iPad.storyboard; sourceTree = "<group>"; };
		E46A2D1514C7CDA500D57455 /* MainStoryboard_iPhone.storyboard */ = {isa = PBXFileReference; fileEncoding = 4; lastKnownFileType = file.storyboard; path = MainStoryboard_iPhone.storyboard; sourceTree = "<group>"; };
		E49AA02914C12A6100C504E3 /* Accounts.framework */ = {isa = PBXFileReference; lastKnownFileType = wrapper.framework; name = Accounts.framework; path = System/Library/Frameworks/Accounts.framework; sourceTree = SDKROOT; };
		E4E5830114C368F2005AB7C1 /* TestPhotos0.png */ = {isa = PBXFileReference; lastKnownFileType = image.png; path = TestPhotos0.png; sourceTree = "<group>"; };
		E4E5830214C368F2005AB7C1 /* TestPhotos2.png */ = {isa = PBXFileReference; lastKnownFileType = image.png; path = TestPhotos2.png; sourceTree = "<group>"; };
		E4E5830314C368F2005AB7C1 /* TestPhotos3.png */ = {isa = PBXFileReference; lastKnownFileType = image.png; path = TestPhotos3.png; sourceTree = "<group>"; };
		E4E5830414C368F2005AB7C1 /* TestPhotos1.png */ = {isa = PBXFileReference; lastKnownFileType = image.png; path = TestPhotos1.png; sourceTree = "<group>"; };
/* End PBXFileReference section */

/* Begin PBXFrameworksBuildPhase section */
		E45247A114C0EEC200CC8BFC /* Frameworks */ = {
			isa = PBXFrameworksBuildPhase;
			buildActionMask = 2147483647;
			files = (
				E46A2D1014C7CD6E00D57455 /* libz.dylib in Frameworks */,
				E46A2D0E14C7CD6500D57455 /* CFNetwork.framework in Frameworks */,
				E45247AD14C0EEC200CC8BFC /* CoreGraphics.framework in Frameworks */,
				E46A2D0C14C7CD5B00D57455 /* SystemConfiguration.framework in Frameworks */,
				E436B96014C22F5700A8FF2F /* Twitter.framework in Frameworks */,
				E49AA02A14C12A6100C504E3 /* Accounts.framework in Frameworks */,
				E45247CD14C0EEEB00CC8BFC /* CoreData.framework in Frameworks */,
				E45247CB14C0EEE100CC8BFC /* CoreLocation.framework in Frameworks */,
				E45247C914C0EEDA00CC8BFC /* MapKit.framework in Frameworks */,
				E45247A914C0EEC200CC8BFC /* UIKit.framework in Frameworks */,
				E45247AB14C0EEC200CC8BFC /* Foundation.framework in Frameworks */,
			);
			runOnlyForDeploymentPostprocessing = 0;
		};
/* End PBXFrameworksBuildPhase section */

/* Begin PBXGroup section */
		E42875A214C2491B00357EFE /* Test Location */ = {
			isa = PBXGroup;
			children = (
				E428759E14C242D300357EFE /* Union, Madison.gpx */,
				E42875A114C248AE00357EFE /* Kolch Center, Madison.gpx */,
			);
			name = "Test Location";
			sourceTree = "<group>";
		};
		E42A40FB14C14C7B009626C5 /* resource */ = {
			isa = PBXGroup;
			children = (
				E4E5830114C368F2005AB7C1 /* TestPhotos0.png */,
				E4E5830214C368F2005AB7C1 /* TestPhotos2.png */,
				E4E5830314C368F2005AB7C1 /* TestPhotos3.png */,
				E4E5830414C368F2005AB7C1 /* TestPhotos1.png */,
			);
			name = resource;
			path = Passim;
			sourceTree = "<group>";
		};
		E44441C214C3D29A003C8A4F /* Map View */ = {
			isa = PBXGroup;
			children = (
			);
			name = "Map View";
			sourceTree = "<group>";
		};
		E44441C414C3D2CB003C8A4F /* Launch View */ = {
			isa = PBXGroup;
			children = (
			);
			name = "Launch View";
			sourceTree = "<group>";
		};
		E44441C514C3D2E2003C8A4F /* List View */ = {
			isa = PBXGroup;
			children = (
			);
			name = "List View";
			sourceTree = "<group>";
		};
		E452479914C0EEC200CC8BFC = {
			isa = PBXGroup;
			children = (
				E45247AE14C0EEC200CC8BFC /* Passim */,
				E45247A714C0EEC200CC8BFC /* Frameworks */,
				E45247A514C0EEC200CC8BFC /* Products */,
				E42A40FB14C14C7B009626C5 /* resource */,
			);
			sourceTree = "<group>";
		};
		E45247A514C0EEC200CC8BFC /* Products */ = {
			isa = PBXGroup;
			children = (
				E45247A414C0EEC200CC8BFC /* Passim.app */,
			);
			name = Products;
			sourceTree = "<group>";
		};
		E45247A714C0EEC200CC8BFC /* Frameworks */ = {
			isa = PBXGroup;
			children = (
				E46A2D0F14C7CD6E00D57455 /* libz.dylib */,
				E46A2D0D14C7CD6500D57455 /* CFNetwork.framework */,
				E46A2D0B14C7CD5B00D57455 /* SystemConfiguration.framework */,
				E436B95F14C22F5700A8FF2F /* Twitter.framework */,
				E49AA02914C12A6100C504E3 /* Accounts.framework */,
				E45247CC14C0EEEB00CC8BFC /* CoreData.framework */,
				E45247CA14C0EEE100CC8BFC /* CoreLocation.framework */,
				E45247C814C0EEDA00CC8BFC /* MapKit.framework */,
				E45247A814C0EEC200CC8BFC /* UIKit.framework */,
				E45247AA14C0EEC200CC8BFC /* Foundation.framework */,
				E45247AC14C0EEC200CC8BFC /* CoreGraphics.framework */,
			);
			name = Frameworks;
			sourceTree = "<group>";
		};
		E45247AE14C0EEC200CC8BFC /* Passim */ = {
			isa = PBXGroup;
			children = (
				E46A2D1514C7CDA500D57455 /* MainStoryboard_iPhone.storyboard */,
				E44441C214C3D29A003C8A4F /* Map View */,
				E4D5AE8A14C2ACFE0064924C /* Utility */,
				E44441C414C3D2CB003C8A4F /* Launch View */,
				E44441C514C3D2E2003C8A4F /* List View */,
				E45247AF14C0EEC200CC8BFC /* Supporting Files */,
			);
			path = Passim;
			sourceTree = "<group>";
		};
		E45247AF14C0EEC200CC8BFC /* Supporting Files */ = {
			isa = PBXGroup;
			children = (
				E46A2D0514C7CC8D00D57455 /* ASIHttp */,
				E42875A214C2491B00357EFE /* Test Location */,
				E45247B014C0EEC200CC8BFC /* Passim-Info.plist */,
				E46A2D1414C7CDA500D57455 /* MainStoryboard_iPad.storyboard */,
				E45247B114C0EEC200CC8BFC /* InfoPlist.strings */,
				E45247B414C0EEC200CC8BFC /* main.m */,
				E45247B614C0EEC200CC8BFC /* Passim-Prefix.pch */,
			);
			name = "Supporting Files";
			sourceTree = "<group>";
		};
		E46A2D0514C7CC8D00D57455 /* ASIHttp */ = {
			isa = PBXGroup;
			children = (
				E46A2D1114C7CD9A00D57455 /* Reachability.h */,
				E46A2D1214C7CD9A00D57455 /* Reachability.m */,
				E46A2CE814C7CC8800D57455 /* ASIAuthenticationDialog.h */,
				E46A2CE914C7CC8800D57455 /* ASIAuthenticationDialog.m */,
				E46A2CEA14C7CC8800D57455 /* ASICacheDelegate.h */,
				E46A2CEB14C7CC8800D57455 /* ASIDataCompressor.h */,
				E46A2CEC14C7CC8800D57455 /* ASIDataCompressor.m */,
				E46A2CED14C7CC8800D57455 /* ASIDataDecompressor.h */,
				E46A2CEE14C7CC8800D57455 /* ASIDataDecompressor.m */,
				E46A2CEF14C7CC8800D57455 /* ASIDownloadCache.h */,
				E46A2CF014C7CC8800D57455 /* ASIDownloadCache.m */,
				E46A2CF114C7CC8800D57455 /* ASIFormDataRequest.h */,
				E46A2CF214C7CC8800D57455 /* ASIFormDataRequest.m */,
				E46A2CF314C7CC8800D57455 /* ASIHTTPRequest.h */,
				E46A2CF414C7CC8800D57455 /* ASIHTTPRequest.m */,
				E46A2CF514C7CC8800D57455 /* ASIHTTPRequestConfig.h */,
				E46A2CF614C7CC8800D57455 /* ASIHTTPRequestDelegate.h */,
				E46A2CF714C7CC8800D57455 /* ASIInputStream.h */,
				E46A2CF814C7CC8800D57455 /* ASIInputStream.m */,
				E46A2CF914C7CC8800D57455 /* ASINetworkQueue.h */,
				E46A2CFA14C7CC8800D57455 /* ASINetworkQueue.m */,
				E46A2CFB14C7CC8800D57455 /* ASIProgressDelegate.h */,
			);
			name = ASIHttp;
			sourceTree = "<group>";
		};
		E4D5AE8A14C2ACFE0064924C /* Utility */ = {
			isa = PBXGroup;
			children = (
			);
			name = Utility;
			sourceTree = "<group>";
		};
/* End PBXGroup section */

/* Begin PBXNativeTarget section */
		E45247A314C0EEC200CC8BFC /* Passim */ = {
			isa = PBXNativeTarget;
			buildConfigurationList = E45247C514C0EEC300CC8BFC /* Build configuration list for PBXNativeTarget "Passim" */;
			buildPhases = (
				E45247A014C0EEC200CC8BFC /* Sources */,
				E45247A114C0EEC200CC8BFC /* Frameworks */,
				E45247A214C0EEC200CC8BFC /* Resources */,
			);
			buildRules = (
			);
			dependencies = (
			);
			name = Passim;
			productName = Passim;
			productReference = E45247A414C0EEC200CC8BFC /* Passim.app */;
			productType = "com.apple.product-type.application";
		};
/* End PBXNativeTarget section */

/* Begin PBXProject section */
		E452479B14C0EEC200CC8BFC /* Project object */ = {
			isa = PBXProject;
			attributes = {
				CLASSPREFIX = PM;
				LastUpgradeCheck = 0430;
				ORGANIZATIONNAME = "University of Wisconsin-Madison";
			};
			buildConfigurationList = E452479E14C0EEC200CC8BFC /* Build configuration list for PBXProject "Passim" */;
			compatibilityVersion = "Xcode 3.2";
			developmentRegion = English;
			hasScannedForEncodings = 0;
			knownRegions = (
				en,
			);
			mainGroup = E452479914C0EEC200CC8BFC;
			productRefGroup = E45247A514C0EEC200CC8BFC /* Products */;
			projectDirPath = "";
			projectRoot = "";
			targets = (
				E45247A314C0EEC200CC8BFC /* Passim */,
			);
		};
/* End PBXProject section */

/* Begin PBXResourcesBuildPhase section */
		E45247A214C0EEC200CC8BFC /* Resources */ = {
			isa = PBXResourcesBuildPhase;
			buildActionMask = 2147483647;
			files = (
				E45247B314C0EEC200CC8BFC /* InfoPlist.strings in Resources */,
				E4E5830514C368F2005AB7C1 /* TestPhotos0.png in Resources */,
				E4E5830614C368F2005AB7C1 /* TestPhotos2.png in Resources */,
				E4E5830714C368F2005AB7C1 /* TestPhotos3.png in Resources */,
				E4E5830814C368F2005AB7C1 /* TestPhotos1.png in Resources */,
				E46A2D1614C7CDA500D57455 /* MainStoryboard_iPad.storyboard in Resources */,
				E46A2D1714C7CDA500D57455 /* MainStoryboard_iPhone.storyboard in Resources */,
			);
			runOnlyForDeploymentPostprocessing = 0;
		};
/* End PBXResourcesBuildPhase section */

/* Begin PBXSourcesBuildPhase section */
		E45247A014C0EEC200CC8BFC /* Sources */ = {
			isa = PBXSourcesBuildPhase;
			buildActionMask = 2147483647;
			files = (
				E45247B514C0EEC200CC8BFC /* main.m in Sources */,
				E46A2CFC14C7CC8800D57455 /* ASIAuthenticationDialog.m in Sources */,
				E46A2CFD14C7CC8800D57455 /* ASIDataCompressor.m in Sources */,
				E46A2CFE14C7CC8800D57455 /* ASIDataDecompressor.m in Sources */,
				E46A2CFF14C7CC8800D57455 /* ASIDownloadCache.m in Sources */,
				E46A2D0014C7CC8800D57455 /* ASIFormDataRequest.m in Sources */,
				E46A2D0114C7CC8800D57455 /* ASIHTTPRequest.m in Sources */,
				E46A2D0214C7CC8800D57455 /* ASIInputStream.m in Sources */,
				E46A2D0314C7CC8800D57455 /* ASINetworkQueue.m in Sources */,
				E46A2D1314C7CD9A00D57455 /* Reachability.m in Sources */,
			);
			runOnlyForDeploymentPostprocessing = 0;
		};
/* End PBXSourcesBuildPhase section */

/* Begin PBXVariantGroup section */
		E45247B114C0EEC200CC8BFC /* InfoPlist.strings */ = {
			isa = PBXVariantGroup;
			children = (
				E45247B214C0EEC200CC8BFC /* en */,
			);
			name = InfoPlist.strings;
			sourceTree = "<group>";
		};
/* End PBXVariantGroup section */

/* Begin XCBuildConfiguration section */
		E45247C314C0EEC300CC8BFC /* Debug */ = {
			isa = XCBuildConfiguration;
			buildSettings = {
				ALWAYS_SEARCH_USER_PATHS = NO;
				ARCHS = "$(ARCHS_STANDARD_32_BIT)";
				CLANG_ENABLE_OBJC_ARC = YES;
				"CODE_SIGN_IDENTITY[sdk=iphoneos*]" = "iPhone Developer";
				COPY_PHASE_STRIP = NO;
				GCC_C_LANGUAGE_STANDARD = gnu99;
				GCC_DYNAMIC_NO_PIC = NO;
				GCC_OPTIMIZATION_LEVEL = 0;
				GCC_PREPROCESSOR_DEFINITIONS = (
					"DEBUG=1",
					"$(inherited)",
				);
				GCC_SYMBOLS_PRIVATE_EXTERN = NO;
				GCC_VERSION = com.apple.compilers.llvm.clang.1_0;
				GCC_WARN_ABOUT_RETURN_TYPE = YES;
				GCC_WARN_UNINITIALIZED_AUTOS = YES;
				GCC_WARN_UNUSED_VARIABLE = YES;
				IPHONEOS_DEPLOYMENT_TARGET = 5.1;
				SDKROOT = iphoneos;
				TARGETED_DEVICE_FAMILY = "1,2";
			};
			name = Debug;
		};
		E45247C414C0EEC300CC8BFC /* Release */ = {
			isa = XCBuildConfiguration;
			buildSettings = {
				ALWAYS_SEARCH_USER_PATHS = NO;
				ARCHS = "$(ARCHS_STANDARD_32_BIT)";
				CLANG_ENABLE_OBJC_ARC = YES;
				"CODE_SIGN_IDENTITY[sdk=iphoneos*]" = "iPhone Developer";
				COPY_PHASE_STRIP = YES;
				GCC_C_LANGUAGE_STANDARD = gnu99;
				GCC_VERSION = com.apple.compilers.llvm.clang.1_0;
				GCC_WARN_ABOUT_RETURN_TYPE = YES;
				GCC_WARN_UNINITIALIZED_AUTOS = YES;
				GCC_WARN_UNUSED_VARIABLE = YES;
				IPHONEOS_DEPLOYMENT_TARGET = 5.1;
				OTHER_CFLAGS = "-DNS_BLOCK_ASSERTIONS=1";
				SDKROOT = iphoneos;
				TARGETED_DEVICE_FAMILY = "1,2";
				VALIDATE_PRODUCT = YES;
			};
			name = Release;
		};
		E45247C614C0EEC300CC8BFC /* Debug */ = {
			isa = XCBuildConfiguration;
			buildSettings = {
				GCC_PRECOMPILE_PREFIX_HEADER = YES;
				GCC_PREFIX_HEADER = "Passim/Passim-Prefix.pch";
				INFOPLIST_FILE = "Passim/Passim-Info.plist";
				PRODUCT_NAME = "$(TARGET_NAME)";
				WRAPPER_EXTENSION = app;
			};
			name = Debug;
		};
		E45247C714C0EEC300CC8BFC /* Release */ = {
			isa = XCBuildConfiguration;
			buildSettings = {
				GCC_PRECOMPILE_PREFIX_HEADER = YES;
				GCC_PREFIX_HEADER = "Passim/Passim-Prefix.pch";
				INFOPLIST_FILE = "Passim/Passim-Info.plist";
				PRODUCT_NAME = "$(TARGET_NAME)";
				WRAPPER_EXTENSION = app;
			};
			name = Release;
		};
/* End XCBuildConfiguration section */

/* Begin XCConfigurationList section */
		E452479E14C0EEC200CC8BFC /* Build configuration list for PBXProject "Passim" */ = {
			isa = XCConfigurationList;
			buildConfigurations = (
				E45247C314C0EEC300CC8BFC /* Debug */,
				E45247C414C0EEC300CC8BFC /* Release */,
			);
			defaultConfigurationIsVisible = 0;
			defaultConfigurationName = Release;
		};
		E45247C514C0EEC300CC8BFC /* Build configuration list for PBXNativeTarget "Passim" */ = {
			isa = XCConfigurationList;
			buildConfigurations = (
				E45247C614C0EEC300CC8BFC /* Debug */,
				E45247C714C0EEC300CC8BFC /* Release */,
			);
			defaultConfigurationIsVisible = 0;
			defaultConfigurationName = Release;
		};
/* End XCConfigurationList section */
	};
	rootObject = E452479B14C0EEC200CC8BFC /* Project object */;
}
