// !$*UTF8*$!
{
	archiveVersion = 1;
	classes = {
	};
	objectVersion = 46;
	objects = {

/* Begin PBXBuildFile section */
		E42DBB8514AEAD5D005CF52B /* UIKit.framework in Frameworks */ = {isa = PBXBuildFile; fileRef = E42DBB8414AEAD5D005CF52B /* UIKit.framework */; };
		E42DBB8714AEAD5D005CF52B /* Foundation.framework in Frameworks */ = {isa = PBXBuildFile; fileRef = E42DBB8614AEAD5D005CF52B /* Foundation.framework */; };
		E42DBB8914AEAD5D005CF52B /* CoreGraphics.framework in Frameworks */ = {isa = PBXBuildFile; fileRef = E42DBB8814AEAD5D005CF52B /* CoreGraphics.framework */; };
		E42DBB8F14AEAD5D005CF52B /* InfoPlist.strings in Resources */ = {isa = PBXBuildFile; fileRef = E42DBB8D14AEAD5D005CF52B /* InfoPlist.strings */; };
		E42DBB9114AEAD5D005CF52B /* main.m in Sources */ = {isa = PBXBuildFile; fileRef = E42DBB9014AEAD5D005CF52B /* main.m */; };
		E42DBB9514AEAD5D005CF52B /* phpRequestAppDelegate.m in Sources */ = {isa = PBXBuildFile; fileRef = E42DBB9414AEAD5D005CF52B /* phpRequestAppDelegate.m */; };
		E42DBB9814AEAD5D005CF52B /* MainStoryboard_iPhone.storyboard in Resources */ = {isa = PBXBuildFile; fileRef = E42DBB9614AEAD5D005CF52B /* MainStoryboard_iPhone.storyboard */; };
		E42DBB9B14AEAD5D005CF52B /* MainStoryboard_iPad.storyboard in Resources */ = {isa = PBXBuildFile; fileRef = E42DBB9914AEAD5D005CF52B /* MainStoryboard_iPad.storyboard */; };
		E42DBB9E14AEAD5D005CF52B /* phpRequestViewController.m in Sources */ = {isa = PBXBuildFile; fileRef = E42DBB9D14AEAD5D005CF52B /* phpRequestViewController.m */; };
/* End PBXBuildFile section */

/* Begin PBXFileReference section */
		E42DBB8014AEAD5D005CF52B /* fetchRequest.app */ = {isa = PBXFileReference; explicitFileType = wrapper.application; includeInIndex = 0; path = fetchRequest.app; sourceTree = BUILT_PRODUCTS_DIR; };
		E42DBB8414AEAD5D005CF52B /* UIKit.framework */ = {isa = PBXFileReference; lastKnownFileType = wrapper.framework; name = UIKit.framework; path = System/Library/Frameworks/UIKit.framework; sourceTree = SDKROOT; };
		E42DBB8614AEAD5D005CF52B /* Foundation.framework */ = {isa = PBXFileReference; lastKnownFileType = wrapper.framework; name = Foundation.framework; path = System/Library/Frameworks/Foundation.framework; sourceTree = SDKROOT; };
		E42DBB8814AEAD5D005CF52B /* CoreGraphics.framework */ = {isa = PBXFileReference; lastKnownFileType = wrapper.framework; name = CoreGraphics.framework; path = System/Library/Frameworks/CoreGraphics.framework; sourceTree = SDKROOT; };
		E42DBB8C14AEAD5D005CF52B /* fetchRequest-Info.plist */ = {isa = PBXFileReference; lastKnownFileType = text.plist.xml; path = "fetchRequest-Info.plist"; sourceTree = "<group>"; };
		E42DBB8E14AEAD5D005CF52B /* en */ = {isa = PBXFileReference; lastKnownFileType = text.plist.strings; name = en; path = en.lproj/InfoPlist.strings; sourceTree = "<group>"; };
		E42DBB9014AEAD5D005CF52B /* main.m */ = {isa = PBXFileReference; lastKnownFileType = sourcecode.c.objc; path = main.m; sourceTree = "<group>"; };
		E42DBB9214AEAD5D005CF52B /* fetchRequest-Prefix.pch */ = {isa = PBXFileReference; lastKnownFileType = sourcecode.c.h; path = "fetchRequest-Prefix.pch"; sourceTree = "<group>"; };
		E42DBB9314AEAD5D005CF52B /* phpRequestAppDelegate.h */ = {isa = PBXFileReference; lastKnownFileType = sourcecode.c.h; path = phpRequestAppDelegate.h; sourceTree = "<group>"; };
		E42DBB9414AEAD5D005CF52B /* phpRequestAppDelegate.m */ = {isa = PBXFileReference; lastKnownFileType = sourcecode.c.objc; path = phpRequestAppDelegate.m; sourceTree = "<group>"; };
		E42DBB9714AEAD5D005CF52B /* en */ = {isa = PBXFileReference; lastKnownFileType = file.storyboard; name = en; path = en.lproj/MainStoryboard_iPhone.storyboard; sourceTree = "<group>"; };
		E42DBB9A14AEAD5D005CF52B /* en */ = {isa = PBXFileReference; lastKnownFileType = file.storyboard; name = en; path = en.lproj/MainStoryboard_iPad.storyboard; sourceTree = "<group>"; };
		E42DBB9C14AEAD5D005CF52B /* phpRequestViewController.h */ = {isa = PBXFileReference; lastKnownFileType = sourcecode.c.h; path = phpRequestViewController.h; sourceTree = "<group>"; };
		E42DBB9D14AEAD5D005CF52B /* phpRequestViewController.m */ = {isa = PBXFileReference; lastKnownFileType = sourcecode.c.objc; path = phpRequestViewController.m; sourceTree = "<group>"; };
/* End PBXFileReference section */

/* Begin PBXFrameworksBuildPhase section */
		E42DBB7D14AEAD5D005CF52B /* Frameworks */ = {
			isa = PBXFrameworksBuildPhase;
			buildActionMask = 2147483647;
			files = (
				E42DBB8514AEAD5D005CF52B /* UIKit.framework in Frameworks */,
				E42DBB8714AEAD5D005CF52B /* Foundation.framework in Frameworks */,
				E42DBB8914AEAD5D005CF52B /* CoreGraphics.framework in Frameworks */,
			);
			runOnlyForDeploymentPostprocessing = 0;
		};
/* End PBXFrameworksBuildPhase section */

/* Begin PBXGroup section */
		E42DBB7514AEAD5D005CF52B = {
			isa = PBXGroup;
			children = (
				E42DBB8A14AEAD5D005CF52B /* fetchRequest */,
				E42DBB8314AEAD5D005CF52B /* Frameworks */,
				E42DBB8114AEAD5D005CF52B /* Products */,
			);
			sourceTree = "<group>";
		};
		E42DBB8114AEAD5D005CF52B /* Products */ = {
			isa = PBXGroup;
			children = (
				E42DBB8014AEAD5D005CF52B /* fetchRequest.app */,
			);
			name = Products;
			sourceTree = "<group>";
		};
		E42DBB8314AEAD5D005CF52B /* Frameworks */ = {
			isa = PBXGroup;
			children = (
				E42DBB8414AEAD5D005CF52B /* UIKit.framework */,
				E42DBB8614AEAD5D005CF52B /* Foundation.framework */,
				E42DBB8814AEAD5D005CF52B /* CoreGraphics.framework */,
			);
			name = Frameworks;
			sourceTree = "<group>";
		};
		E42DBB8A14AEAD5D005CF52B /* fetchRequest */ = {
			isa = PBXGroup;
			children = (
				E42DBB9314AEAD5D005CF52B /* phpRequestAppDelegate.h */,
				E42DBB9414AEAD5D005CF52B /* phpRequestAppDelegate.m */,
				E42DBB9614AEAD5D005CF52B /* MainStoryboard_iPhone.storyboard */,
				E42DBB9914AEAD5D005CF52B /* MainStoryboard_iPad.storyboard */,
				E42DBB9C14AEAD5D005CF52B /* phpRequestViewController.h */,
				E42DBB9D14AEAD5D005CF52B /* phpRequestViewController.m */,
				E42DBB8B14AEAD5D005CF52B /* Supporting Files */,
			);
			path = fetchRequest;
			sourceTree = "<group>";
		};
		E42DBB8B14AEAD5D005CF52B /* Supporting Files */ = {
			isa = PBXGroup;
			children = (
				E42DBB8C14AEAD5D005CF52B /* fetchRequest-Info.plist */,
				E42DBB8D14AEAD5D005CF52B /* InfoPlist.strings */,
				E42DBB9014AEAD5D005CF52B /* main.m */,
				E42DBB9214AEAD5D005CF52B /* fetchRequest-Prefix.pch */,
			);
			name = "Supporting Files";
			sourceTree = "<group>";
		};
/* End PBXGroup section */

/* Begin PBXNativeTarget section */
		E42DBB7F14AEAD5D005CF52B /* fetchRequest */ = {
			isa = PBXNativeTarget;
			buildConfigurationList = E42DBBA114AEAD5D005CF52B /* Build configuration list for PBXNativeTarget "fetchRequest" */;
			buildPhases = (
				E42DBB7C14AEAD5D005CF52B /* Sources */,
				E42DBB7D14AEAD5D005CF52B /* Frameworks */,
				E42DBB7E14AEAD5D005CF52B /* Resources */,
			);
			buildRules = (
			);
			dependencies = (
			);
			name = fetchRequest;
			productName = fetchRequest;
			productReference = E42DBB8014AEAD5D005CF52B /* fetchRequest.app */;
			productType = "com.apple.product-type.application";
		};
/* End PBXNativeTarget section */

/* Begin PBXProject section */
		E42DBB7714AEAD5D005CF52B /* Project object */ = {
			isa = PBXProject;
			attributes = {
				LastUpgradeCheck = 0420;
				ORGANIZATIONNAME = "University of Wisconsin-Madison";
			};
			buildConfigurationList = E42DBB7A14AEAD5D005CF52B /* Build configuration list for PBXProject "fetchRequest" */;
			compatibilityVersion = "Xcode 3.2";
			developmentRegion = English;
			hasScannedForEncodings = 0;
			knownRegions = (
				en,
			);
			mainGroup = E42DBB7514AEAD5D005CF52B;
			productRefGroup = E42DBB8114AEAD5D005CF52B /* Products */;
			projectDirPath = "";
			projectRoot = "";
			targets = (
				E42DBB7F14AEAD5D005CF52B /* fetchRequest */,
			);
		};
/* End PBXProject section */

/* Begin PBXResourcesBuildPhase section */
		E42DBB7E14AEAD5D005CF52B /* Resources */ = {
			isa = PBXResourcesBuildPhase;
			buildActionMask = 2147483647;
			files = (
				E42DBB8F14AEAD5D005CF52B /* InfoPlist.strings in Resources */,
				E42DBB9814AEAD5D005CF52B /* MainStoryboard_iPhone.storyboard in Resources */,
				E42DBB9B14AEAD5D005CF52B /* MainStoryboard_iPad.storyboard in Resources */,
			);
			runOnlyForDeploymentPostprocessing = 0;
		};
/* End PBXResourcesBuildPhase section */

/* Begin PBXSourcesBuildPhase section */
		E42DBB7C14AEAD5D005CF52B /* Sources */ = {
			isa = PBXSourcesBuildPhase;
			buildActionMask = 2147483647;
			files = (
				E42DBB9114AEAD5D005CF52B /* main.m in Sources */,
				E42DBB9514AEAD5D005CF52B /* phpRequestAppDelegate.m in Sources */,
				E42DBB9E14AEAD5D005CF52B /* phpRequestViewController.m in Sources */,
			);
			runOnlyForDeploymentPostprocessing = 0;
		};
/* End PBXSourcesBuildPhase section */

/* Begin PBXVariantGroup section */
		E42DBB8D14AEAD5D005CF52B /* InfoPlist.strings */ = {
			isa = PBXVariantGroup;
			children = (
				E42DBB8E14AEAD5D005CF52B /* en */,
			);
			name = InfoPlist.strings;
			sourceTree = "<group>";
		};
		E42DBB9614AEAD5D005CF52B /* MainStoryboard_iPhone.storyboard */ = {
			isa = PBXVariantGroup;
			children = (
				E42DBB9714AEAD5D005CF52B /* en */,
			);
			name = MainStoryboard_iPhone.storyboard;
			sourceTree = "<group>";
		};
		E42DBB9914AEAD5D005CF52B /* MainStoryboard_iPad.storyboard */ = {
			isa = PBXVariantGroup;
			children = (
				E42DBB9A14AEAD5D005CF52B /* en */,
			);
			name = MainStoryboard_iPad.storyboard;
			sourceTree = "<group>";
		};
/* End PBXVariantGroup section */

/* Begin XCBuildConfiguration section */
		E42DBB9F14AEAD5D005CF52B /* Debug */ = {
			isa = XCBuildConfiguration;
			buildSettings = {
				ALWAYS_SEARCH_USER_PATHS = NO;
				ARCHS = "$(ARCHS_STANDARD_32_BIT)";
				CLANG_ENABLE_OBJC_ARC = YES;
				"CODE_SIGN_IDENTITY[sdk=iphoneos*]" = "iPhone Developer";
				COPY_PHASE_STRIP = NO;
				GCC_C_LANGUAGE_STANDARD = gnu99;
				GCC_DYNAMIC_NO_PIC = NO;
				GCC_OPTIMIZATION_LEVEL = 0;
				GCC_PREPROCESSOR_DEFINITIONS = (
					"DEBUG=1",
					"$(inherited)",
				);
				GCC_SYMBOLS_PRIVATE_EXTERN = NO;
				GCC_VERSION = com.apple.compilers.llvm.clang.1_0;
				GCC_WARN_ABOUT_MISSING_PROTOTYPES = YES;
				GCC_WARN_ABOUT_RETURN_TYPE = YES;
				GCC_WARN_UNUSED_VARIABLE = YES;
				IPHONEOS_DEPLOYMENT_TARGET = 5.0;
				SDKROOT = iphoneos;
				TARGETED_DEVICE_FAMILY = "1,2";
			};
			name = Debug;
		};
		E42DBBA014AEAD5D005CF52B /* Release */ = {
			isa = XCBuildConfiguration;
			buildSettings = {
				ALWAYS_SEARCH_USER_PATHS = NO;
				ARCHS = "$(ARCHS_STANDARD_32_BIT)";
				CLANG_ENABLE_OBJC_ARC = YES;
				"CODE_SIGN_IDENTITY[sdk=iphoneos*]" = "iPhone Developer";
				COPY_PHASE_STRIP = YES;
				GCC_C_LANGUAGE_STANDARD = gnu99;
				GCC_VERSION = com.apple.compilers.llvm.clang.1_0;
				GCC_WARN_ABOUT_MISSING_PROTOTYPES = YES;
				GCC_WARN_ABOUT_RETURN_TYPE = YES;
				GCC_WARN_UNUSED_VARIABLE = YES;
				IPHONEOS_DEPLOYMENT_TARGET = 5.0;
				OTHER_CFLAGS = "-DNS_BLOCK_ASSERTIONS=1";
				SDKROOT = iphoneos;
				TARGETED_DEVICE_FAMILY = "1,2";
				VALIDATE_PRODUCT = YES;
			};
			name = Release;
		};
		E42DBBA214AEAD5D005CF52B /* Debug */ = {
			isa = XCBuildConfiguration;
			buildSettings = {
				GCC_PRECOMPILE_PREFIX_HEADER = YES;
				GCC_PREFIX_HEADER = "fetchRequest/fetchRequest-Prefix.pch";
				INFOPLIST_FILE = "fetchRequest/fetchRequest-Info.plist";
				PRODUCT_NAME = "$(TARGET_NAME)";
				WRAPPER_EXTENSION = app;
			};
			name = Debug;
		};
		E42DBBA314AEAD5D005CF52B /* Release */ = {
			isa = XCBuildConfiguration;
			buildSettings = {
				GCC_PRECOMPILE_PREFIX_HEADER = YES;
				GCC_PREFIX_HEADER = "fetchRequest/fetchRequest-Prefix.pch";
				INFOPLIST_FILE = "fetchRequest/fetchRequest-Info.plist";
				PRODUCT_NAME = "$(TARGET_NAME)";
				WRAPPER_EXTENSION = app;
			};
			name = Release;
		};
/* End XCBuildConfiguration section */

/* Begin XCConfigurationList section */
		E42DBB7A14AEAD5D005CF52B /* Build configuration list for PBXProject "fetchRequest" */ = {
			isa = XCConfigurationList;
			buildConfigurations = (
				E42DBB9F14AEAD5D005CF52B /* Debug */,
				E42DBBA014AEAD5D005CF52B /* Release */,
			);
			defaultConfigurationIsVisible = 0;
			defaultConfigurationName = Release;
		};
		E42DBBA114AEAD5D005CF52B /* Build configuration list for PBXNativeTarget "fetchRequest" */ = {
			isa = XCConfigurationList;
			buildConfigurations = (
				E42DBBA214AEAD5D005CF52B /* Debug */,
				E42DBBA314AEAD5D005CF52B /* Release */,
			);
			defaultConfigurationIsVisible = 0;
		};
/* End XCConfigurationList section */
	};
	rootObject = E42DBB7714AEAD5D005CF52B /* Project object */;
}
